// !$*UTF8*$!
{
	archiveVersion = 1;
	classes = {
	};
	objectVersion = 51;
	objects = {

/* Begin PBXBuildFile section */
		8D1BB529273EF97700677EF7 /* AppDelegate.swift in Sources */ = {isa = PBXBuildFile; fileRef = 8D1BB528273EF97700677EF7 /* AppDelegate.swift */; };
		8D1BB52B273EF97700677EF7 /* SceneDelegate.swift in Sources */ = {isa = PBXBuildFile; fileRef = 8D1BB52A273EF97700677EF7 /* SceneDelegate.swift */; };
		8D1BB530273EF97700677EF7 /* Main.storyboard in Resources */ = {isa = PBXBuildFile; fileRef = 8D1BB52E273EF97700677EF7 /* Main.storyboard */; };
		8D1BB532273EF97900677EF7 /* Assets.xcassets in Resources */ = {isa = PBXBuildFile; fileRef = 8D1BB531273EF97900677EF7 /* Assets.xcassets */; };
		8D1BB535273EF97900677EF7 /* LaunchScreen.storyboard in Resources */ = {isa = PBXBuildFile; fileRef = 8D1BB533273EF97900677EF7 /* LaunchScreen.storyboard */; };
		8D9D44ED2770C64A004C5565 /* UIViewController.swift in Sources */ = {isa = PBXBuildFile; fileRef = 8D9D44EC2770C64A004C5565 /* UIViewController.swift */; };
		8D9D450927711E44004C5565 /* Localizable.strings in Resources */ = {isa = PBXBuildFile; fileRef = 8D9D450727711E44004C5565 /* Localizable.strings */; };
		8D9D451727721F77004C5565 /* ViewControllerProtocol.swift in Sources */ = {isa = PBXBuildFile; fileRef = 8D9D451627721F77004C5565 /* ViewControllerProtocol.swift */; };
		8D9D451A27721FCD004C5565 /* StoryboardManager.swift in Sources */ = {isa = PBXBuildFile; fileRef = 8D9D451927721FCD004C5565 /* StoryboardManager.swift */; };
		8D9D451F277228EF004C5565 /* ProfileVC.swift in Sources */ = {isa = PBXBuildFile; fileRef = 8D9D451E277228EF004C5565 /* ProfileVC.swift */; };
		8D9D452127723068004C5565 /* LoginVC.swift in Sources */ = {isa = PBXBuildFile; fileRef = 8D9D452027723068004C5565 /* LoginVC.swift */; };
		8D9D4524277231D7004C5565 /* SignUpVC.swift in Sources */ = {isa = PBXBuildFile; fileRef = 8D9D4523277231D7004C5565 /* SignUpVC.swift */; };
		8D9D452B277A28A2004C5565 /* Authentication.storyboard in Resources */ = {isa = PBXBuildFile; fileRef = 8D9D452A277A28A2004C5565 /* Authentication.storyboard */; };
		8D9D452E277A2BFE004C5565 /* NavigationController.swift in Sources */ = {isa = PBXBuildFile; fileRef = 8D9D452D277A2BFE004C5565 /* NavigationController.swift */; };
		8D9D4530277A37C8004C5565 /* BuyVC.swift in Sources */ = {isa = PBXBuildFile; fileRef = 8D9D452F277A37C8004C5565 /* BuyVC.swift */; };
		8D9D4532277A53D0004C5565 /* GoogleService-Info.plist in Resources */ = {isa = PBXBuildFile; fileRef = 8D9D4531277A53D0004C5565 /* GoogleService-Info.plist */; };
		8D9D4536277B92DB004C5565 /* AuthenticationManager.swift in Sources */ = {isa = PBXBuildFile; fileRef = 8D9D4535277B92DB004C5565 /* AuthenticationManager.swift */; };
		8D9D4538277BB14C004C5565 /* SellVC.swift in Sources */ = {isa = PBXBuildFile; fileRef = 8D9D4537277BB14C004C5565 /* SellVC.swift */; };
		8D9D453D277CDDFB004C5565 /* TextFieldCellDM.swift in Sources */ = {isa = PBXBuildFile; fileRef = 8D9D453C277CDDFB004C5565 /* TextFieldCellDM.swift */; };
		8D9D453F277CDE09004C5565 /* TextFieldTableCell.swift in Sources */ = {isa = PBXBuildFile; fileRef = 8D9D453E277CDE09004C5565 /* TextFieldTableCell.swift */; };
		8D9D4541277CDEFC004C5565 /* TableCellProtocol.swift in Sources */ = {isa = PBXBuildFile; fileRef = 8D9D4540277CDEFC004C5565 /* TableCellProtocol.swift */; };
		8D9D4543277CE193004C5565 /* TextFieldTableCell.xib in Resources */ = {isa = PBXBuildFile; fileRef = 8D9D4542277CE193004C5565 /* TextFieldTableCell.xib */; };
		8D9D4545277D1573004C5565 /* SignUpVM.swift in Sources */ = {isa = PBXBuildFile; fileRef = 8D9D4544277D1573004C5565 /* SignUpVM.swift */; };
		8D9D4547277D15AD004C5565 /* LoginVM.swift in Sources */ = {isa = PBXBuildFile; fileRef = 8D9D4546277D15AD004C5565 /* LoginVM.swift */; };
		8D9D455327822B85004C5565 /* ButtonTableCell.swift in Sources */ = {isa = PBXBuildFile; fileRef = 8D9D455227822B85004C5565 /* ButtonTableCell.swift */; };
		8D9D455527822B91004C5565 /* ButtonTableCell.xib in Resources */ = {isa = PBXBuildFile; fileRef = 8D9D455427822B91004C5565 /* ButtonTableCell.xib */; };
		8D9D45592782302C004C5565 /* UIButton.swift in Sources */ = {isa = PBXBuildFile; fileRef = 8D9D45582782302C004C5565 /* UIButton.swift */; };
		A5992F72F46083A75BA57786 /* Pods_BallroomBuySell.framework in Frameworks */ = {isa = PBXBuildFile; fileRef = B825BF6A186641371CC4B3B0 /* Pods_BallroomBuySell.framework */; };
/* End PBXBuildFile section */

/* Begin PBXFileReference section */
		09779C0BEDEA96E86099060F /* Pods-BallroomBuySell.release.xcconfig */ = {isa = PBXFileReference; includeInIndex = 1; lastKnownFileType = text.xcconfig; name = "Pods-BallroomBuySell.release.xcconfig"; path = "Target Support Files/Pods-BallroomBuySell/Pods-BallroomBuySell.release.xcconfig"; sourceTree = "<group>"; };
		8D1BB525273EF97700677EF7 /* BallroomBuySell.app */ = {isa = PBXFileReference; explicitFileType = wrapper.application; includeInIndex = 0; path = BallroomBuySell.app; sourceTree = BUILT_PRODUCTS_DIR; };
		8D1BB528273EF97700677EF7 /* AppDelegate.swift */ = {isa = PBXFileReference; lastKnownFileType = sourcecode.swift; path = AppDelegate.swift; sourceTree = "<group>"; };
		8D1BB52A273EF97700677EF7 /* SceneDelegate.swift */ = {isa = PBXFileReference; lastKnownFileType = sourcecode.swift; path = SceneDelegate.swift; sourceTree = "<group>"; };
		8D1BB52F273EF97700677EF7 /* Base */ = {isa = PBXFileReference; lastKnownFileType = file.storyboard; name = Base; path = Base.lproj/Main.storyboard; sourceTree = "<group>"; };
		8D1BB531273EF97900677EF7 /* Assets.xcassets */ = {isa = PBXFileReference; lastKnownFileType = folder.assetcatalog; path = Assets.xcassets; sourceTree = "<group>"; };
		8D1BB534273EF97900677EF7 /* Base */ = {isa = PBXFileReference; lastKnownFileType = file.storyboard; name = Base; path = Base.lproj/LaunchScreen.storyboard; sourceTree = "<group>"; };
		8D1BB536273EF97900677EF7 /* Info.plist */ = {isa = PBXFileReference; lastKnownFileType = text.plist.xml; path = Info.plist; sourceTree = "<group>"; };
		8D9D44EC2770C64A004C5565 /* UIViewController.swift */ = {isa = PBXFileReference; lastKnownFileType = sourcecode.swift; path = UIViewController.swift; sourceTree = "<group>"; };
		8D9D450827711E44004C5565 /* ru */ = {isa = PBXFileReference; lastKnownFileType = text.plist.strings; name = ru; path = ru.lproj/Localizable.strings; sourceTree = "<group>"; };
		8D9D450A27711E73004C5565 /* zh-Hant */ = {isa = PBXFileReference; lastKnownFileType = text.plist.strings; name = "zh-Hant"; path = "zh-Hant.lproj/Localizable.strings"; sourceTree = "<group>"; };
		8D9D450B27711E83004C5565 /* en */ = {isa = PBXFileReference; lastKnownFileType = text.plist.strings; name = en; path = en.lproj/Localizable.strings; sourceTree = "<group>"; };
		8D9D451627721F77004C5565 /* ViewControllerProtocol.swift */ = {isa = PBXFileReference; lastKnownFileType = sourcecode.swift; path = ViewControllerProtocol.swift; sourceTree = "<group>"; };
		8D9D451927721FCD004C5565 /* StoryboardManager.swift */ = {isa = PBXFileReference; lastKnownFileType = sourcecode.swift; path = StoryboardManager.swift; sourceTree = "<group>"; };
		8D9D451E277228EF004C5565 /* ProfileVC.swift */ = {isa = PBXFileReference; lastKnownFileType = sourcecode.swift; path = ProfileVC.swift; sourceTree = "<group>"; };
		8D9D452027723068004C5565 /* LoginVC.swift */ = {isa = PBXFileReference; lastKnownFileType = sourcecode.swift; path = LoginVC.swift; sourceTree = "<group>"; };
		8D9D4523277231D7004C5565 /* SignUpVC.swift */ = {isa = PBXFileReference; lastKnownFileType = sourcecode.swift; path = SignUpVC.swift; sourceTree = "<group>"; };
		8D9D452A277A28A2004C5565 /* Authentication.storyboard */ = {isa = PBXFileReference; lastKnownFileType = file.storyboard; path = Authentication.storyboard; sourceTree = "<group>"; };
		8D9D452D277A2BFE004C5565 /* NavigationController.swift */ = {isa = PBXFileReference; lastKnownFileType = sourcecode.swift; path = NavigationController.swift; sourceTree = "<group>"; };
		8D9D452F277A37C8004C5565 /* BuyVC.swift */ = {isa = PBXFileReference; lastKnownFileType = sourcecode.swift; path = BuyVC.swift; sourceTree = "<group>"; };
		8D9D4531277A53D0004C5565 /* GoogleService-Info.plist */ = {isa = PBXFileReference; fileEncoding = 4; lastKnownFileType = text.plist.xml; path = "GoogleService-Info.plist"; sourceTree = "<group>"; };
		8D9D4535277B92DB004C5565 /* AuthenticationManager.swift */ = {isa = PBXFileReference; lastKnownFileType = sourcecode.swift; path = AuthenticationManager.swift; sourceTree = "<group>"; };
		8D9D4537277BB14C004C5565 /* SellVC.swift */ = {isa = PBXFileReference; lastKnownFileType = sourcecode.swift; path = SellVC.swift; sourceTree = "<group>"; };
		8D9D453C277CDDFB004C5565 /* TextFieldCellDM.swift */ = {isa = PBXFileReference; lastKnownFileType = sourcecode.swift; path = TextFieldCellDM.swift; sourceTree = "<group>"; };
		8D9D453E277CDE09004C5565 /* TextFieldTableCell.swift */ = {isa = PBXFileReference; lastKnownFileType = sourcecode.swift; path = TextFieldTableCell.swift; sourceTree = "<group>"; };
		8D9D4540277CDEFC004C5565 /* TableCellProtocol.swift */ = {isa = PBXFileReference; lastKnownFileType = sourcecode.swift; path = TableCellProtocol.swift; sourceTree = "<group>"; };
		8D9D4542277CE193004C5565 /* TextFieldTableCell.xib */ = {isa = PBXFileReference; lastKnownFileType = file.xib; path = TextFieldTableCell.xib; sourceTree = "<group>"; };
		8D9D4544277D1573004C5565 /* SignUpVM.swift */ = {isa = PBXFileReference; lastKnownFileType = sourcecode.swift; path = SignUpVM.swift; sourceTree = "<group>"; };
		8D9D4546277D15AD004C5565 /* LoginVM.swift */ = {isa = PBXFileReference; lastKnownFileType = sourcecode.swift; path = LoginVM.swift; sourceTree = "<group>"; };
		8D9D455227822B85004C5565 /* ButtonTableCell.swift */ = {isa = PBXFileReference; lastKnownFileType = sourcecode.swift; path = ButtonTableCell.swift; sourceTree = "<group>"; };
		8D9D455427822B91004C5565 /* ButtonTableCell.xib */ = {isa = PBXFileReference; lastKnownFileType = file.xib; path = ButtonTableCell.xib; sourceTree = "<group>"; };
		8D9D45582782302C004C5565 /* UIButton.swift */ = {isa = PBXFileReference; lastKnownFileType = sourcecode.swift; name = UIButton.swift; path = ../../../../UIButton.swift; sourceTree = "<group>"; };
		B825BF6A186641371CC4B3B0 /* Pods_BallroomBuySell.framework */ = {isa = PBXFileReference; explicitFileType = wrapper.framework; includeInIndex = 0; path = Pods_BallroomBuySell.framework; sourceTree = BUILT_PRODUCTS_DIR; };
		EFF8202CE7EC04C8D430A991 /* Pods-BallroomBuySell.debug.xcconfig */ = {isa = PBXFileReference; includeInIndex = 1; lastKnownFileType = text.xcconfig; name = "Pods-BallroomBuySell.debug.xcconfig"; path = "Target Support Files/Pods-BallroomBuySell/Pods-BallroomBuySell.debug.xcconfig"; sourceTree = "<group>"; };
/* End PBXFileReference section */

/* Begin PBXFrameworksBuildPhase section */
		8D1BB522273EF97700677EF7 /* Frameworks */ = {
			isa = PBXFrameworksBuildPhase;
			buildActionMask = 2147483647;
			files = (
				A5992F72F46083A75BA57786 /* Pods_BallroomBuySell.framework in Frameworks */,
			);
			runOnlyForDeploymentPostprocessing = 0;
		};
/* End PBXFrameworksBuildPhase section */

/* Begin PBXGroup section */
		8D1BB51C273EF97700677EF7 = {
			isa = PBXGroup;
			children = (
				8D1BB527273EF97700677EF7 /* BallroomBuySell */,
				8D1BB526273EF97700677EF7 /* Products */,
				C0DF630F21E473235DEE8AD0 /* Pods */,
				DF3997E9CC3FC28F87C1153E /* Frameworks */,
			);
			sourceTree = "<group>";
		};
		8D1BB526273EF97700677EF7 /* Products */ = {
			isa = PBXGroup;
			children = (
				8D1BB525273EF97700677EF7 /* BallroomBuySell.app */,
			);
			name = Products;
			sourceTree = "<group>";
		};
		8D1BB527273EF97700677EF7 /* BallroomBuySell */ = {
			isa = PBXGroup;
			children = (
				8D9D44EB2770C599004C5565 /* AppDelegate */,
				8D9D452C277A2BDF004C5565 /* CustomClasses */,
				8D9D44E72770C537004C5565 /* Extensions */,
				8D9D4531277A53D0004C5565 /* GoogleService-Info.plist */,
				8D9D451827721FB5004C5565 /* Managers */,
				8D9D451527721F66004C5565 /* Protocols */,
				8D9D44E92770C55C004C5565 /* Resources */,
				8D9D44E82770C549004C5565 /* Screens */,
				8D9D44EA2770C56D004C5565 /* Storyboards */,
			);
			path = BallroomBuySell;
			sourceTree = "<group>";
		};
		8D9D44E72770C537004C5565 /* Extensions */ = {
			isa = PBXGroup;
			children = (
				8D9D44EC2770C64A004C5565 /* UIViewController.swift */,
				8D9D45582782302C004C5565 /* UIButton.swift */,
			);
			path = Extensions;
			sourceTree = "<group>";
		};
		8D9D44E82770C549004C5565 /* Screens */ = {
			isa = PBXGroup;
			children = (
				8D9D451C277226F3004C5565 /* Authentication */,
				8D9D451227721D2D004C5565 /* Buy */,
				8D9D451427721D77004C5565 /* Profile */,
				8D9D451327721D44004C5565 /* Sell */,
				8D9D4539277CDDC7004C5565 /* SharedViews */,
			);
			path = Screens;
			sourceTree = "<group>";
		};
		8D9D44E92770C55C004C5565 /* Resources */ = {
			isa = PBXGroup;
			children = (
				8D1BB531273EF97900677EF7 /* Assets.xcassets */,
				8D1BB536273EF97900677EF7 /* Info.plist */,
				8D9D450727711E44004C5565 /* Localizable.strings */,
			);
			path = Resources;
			sourceTree = "<group>";
		};
		8D9D44EA2770C56D004C5565 /* Storyboards */ = {
			isa = PBXGroup;
			children = (
				8D1BB533273EF97900677EF7 /* LaunchScreen.storyboard */,
				8D1BB52E273EF97700677EF7 /* Main.storyboard */,
				8D9D452A277A28A2004C5565 /* Authentication.storyboard */,
			);
			path = Storyboards;
			sourceTree = "<group>";
		};
		8D9D44EB2770C599004C5565 /* AppDelegate */ = {
			isa = PBXGroup;
			children = (
				8D1BB528273EF97700677EF7 /* AppDelegate.swift */,
				8D1BB52A273EF97700677EF7 /* SceneDelegate.swift */,
			);
			path = AppDelegate;
			sourceTree = "<group>";
		};
		8D9D451227721D2D004C5565 /* Buy */ = {
			isa = PBXGroup;
			children = (
				8D9D452F277A37C8004C5565 /* BuyVC.swift */,
			);
			path = Buy;
			sourceTree = "<group>";
		};
		8D9D451327721D44004C5565 /* Sell */ = {
			isa = PBXGroup;
			children = (
				8D9D4537277BB14C004C5565 /* SellVC.swift */,
			);
			path = Sell;
			sourceTree = "<group>";
		};
		8D9D451427721D77004C5565 /* Profile */ = {
			isa = PBXGroup;
			children = (
				8D9D451E277228EF004C5565 /* ProfileVC.swift */,
			);
			path = Profile;
			sourceTree = "<group>";
		};
		8D9D451527721F66004C5565 /* Protocols */ = {
			isa = PBXGroup;
			children = (
				8D9D451627721F77004C5565 /* ViewControllerProtocol.swift */,
				8D9D4540277CDEFC004C5565 /* TableCellProtocol.swift */,
			);
			path = Protocols;
			sourceTree = "<group>";
		};
		8D9D451827721FB5004C5565 /* Managers */ = {
			isa = PBXGroup;
			children = (
				8D9D4535277B92DB004C5565 /* AuthenticationManager.swift */,
				8D9D451927721FCD004C5565 /* StoryboardManager.swift */,
			);
			path = Managers;
			sourceTree = "<group>";
		};
		8D9D451C277226F3004C5565 /* Authentication */ = {
			isa = PBXGroup;
			children = (
				8D9D452227723183004C5565 /* Login */,
				8D9D451D2772271C004C5565 /* SignUp */,
			);
			path = Authentication;
			sourceTree = "<group>";
		};
		8D9D451D2772271C004C5565 /* SignUp */ = {
			isa = PBXGroup;
			children = (
				8D9D4523277231D7004C5565 /* SignUpVC.swift */,
				8D9D4544277D1573004C5565 /* SignUpVM.swift */,
			);
			path = SignUp;
			sourceTree = "<group>";
		};
		8D9D452227723183004C5565 /* Login */ = {
			isa = PBXGroup;
			children = (
				8D9D452027723068004C5565 /* LoginVC.swift */,
				8D9D4546277D15AD004C5565 /* LoginVM.swift */,
			);
			path = Login;
			sourceTree = "<group>";
		};
		8D9D452C277A2BDF004C5565 /* CustomClasses */ = {
			isa = PBXGroup;
			children = (
				8D9D452D277A2BFE004C5565 /* NavigationController.swift */,
			);
			path = CustomClasses;
			sourceTree = "<group>";
		};
		8D9D4539277CDDC7004C5565 /* SharedViews */ = {
			isa = PBXGroup;
			children = (
				8D9D453A277CDDD6004C5565 /* SharedCells */,
			);
			path = SharedViews;
			sourceTree = "<group>";
		};
		8D9D453A277CDDD6004C5565 /* SharedCells */ = {
			isa = PBXGroup;
			children = (
				8D9D455127822B66004C5565 /* ButtonTableCell */,
				8D9D453B277CDDE6004C5565 /* TextFieldTableCell */,
			);
			path = SharedCells;
			sourceTree = "<group>";
		};
		8D9D453B277CDDE6004C5565 /* TextFieldTableCell */ = {
			isa = PBXGroup;
			children = (
				8D9D453C277CDDFB004C5565 /* TextFieldCellDM.swift */,
				8D9D453E277CDE09004C5565 /* TextFieldTableCell.swift */,
				8D9D4542277CE193004C5565 /* TextFieldTableCell.xib */,
			);
			path = TextFieldTableCell;
			sourceTree = "<group>";
		};
		8D9D455127822B66004C5565 /* ButtonTableCell */ = {
			isa = PBXGroup;
			children = (
				8D9D455227822B85004C5565 /* ButtonTableCell.swift */,
				8D9D455427822B91004C5565 /* ButtonTableCell.xib */,
			);
			path = ButtonTableCell;
			sourceTree = "<group>";
		};
		C0DF630F21E473235DEE8AD0 /* Pods */ = {
			isa = PBXGroup;
			children = (
				EFF8202CE7EC04C8D430A991 /* Pods-BallroomBuySell.debug.xcconfig */,
				09779C0BEDEA96E86099060F /* Pods-BallroomBuySell.release.xcconfig */,
			);
			path = Pods;
			sourceTree = "<group>";
		};
		DF3997E9CC3FC28F87C1153E /* Frameworks */ = {
			isa = PBXGroup;
			children = (
				B825BF6A186641371CC4B3B0 /* Pods_BallroomBuySell.framework */,
			);
			name = Frameworks;
			sourceTree = "<group>";
		};
/* End PBXGroup section */

/* Begin PBXNativeTarget section */
		8D1BB524273EF97700677EF7 /* BallroomBuySell */ = {
			isa = PBXNativeTarget;
			buildConfigurationList = 8D1BB539273EF97900677EF7 /* Build configuration list for PBXNativeTarget "BallroomBuySell" */;
			buildPhases = (
				629DED7F9B5837E7FACC53D8 /* [CP] Check Pods Manifest.lock */,
				8D1BB521273EF97700677EF7 /* Sources */,
				8D1BB522273EF97700677EF7 /* Frameworks */,
				8D1BB523273EF97700677EF7 /* Resources */,
				20DE48163DE5606D01752C48 /* [CP] Embed Pods Frameworks */,
			);
			buildRules = (
			);
			dependencies = (
			);
			name = BallroomBuySell;
			productName = BallroomBuySell;
			productReference = 8D1BB525273EF97700677EF7 /* BallroomBuySell.app */;
			productType = "com.apple.product-type.application";
		};
/* End PBXNativeTarget section */

/* Begin PBXProject section */
		8D1BB51D273EF97700677EF7 /* Project object */ = {
			isa = PBXProject;
			attributes = {
				LastSwiftUpdateCheck = 1250;
				LastUpgradeCheck = 1250;
				TargetAttributes = {
					8D1BB524273EF97700677EF7 = {
						CreatedOnToolsVersion = 12.5;
					};
				};
			};
			buildConfigurationList = 8D1BB520273EF97700677EF7 /* Build configuration list for PBXProject "BallroomBuySell" */;
			compatibilityVersion = "Xcode 9.3";
			developmentRegion = en;
			hasScannedForEncodings = 0;
			knownRegions = (
				en,
				Base,
				ru,
				"zh-Hant",
			);
			mainGroup = 8D1BB51C273EF97700677EF7;
			productRefGroup = 8D1BB526273EF97700677EF7 /* Products */;
			projectDirPath = "";
			projectRoot = "";
			targets = (
				8D1BB524273EF97700677EF7 /* BallroomBuySell */,
			);
		};
/* End PBXProject section */

/* Begin PBXResourcesBuildPhase section */
		8D1BB523273EF97700677EF7 /* Resources */ = {
			isa = PBXResourcesBuildPhase;
			buildActionMask = 2147483647;
			files = (
				8D9D455527822B91004C5565 /* ButtonTableCell.xib in Resources */,
				8D1BB535273EF97900677EF7 /* LaunchScreen.storyboard in Resources */,
				8D9D450927711E44004C5565 /* Localizable.strings in Resources */,
				8D1BB532273EF97900677EF7 /* Assets.xcassets in Resources */,
				8D1BB530273EF97700677EF7 /* Main.storyboard in Resources */,
				8D9D452B277A28A2004C5565 /* Authentication.storyboard in Resources */,
				8D9D4543277CE193004C5565 /* TextFieldTableCell.xib in Resources */,
				8D9D4532277A53D0004C5565 /* GoogleService-Info.plist in Resources */,
			);
			runOnlyForDeploymentPostprocessing = 0;
		};
/* End PBXResourcesBuildPhase section */

/* Begin PBXShellScriptBuildPhase section */
		20DE48163DE5606D01752C48 /* [CP] Embed Pods Frameworks */ = {
			isa = PBXShellScriptBuildPhase;
			buildActionMask = 2147483647;
			files = (
			);
			inputFileListPaths = (
				"${PODS_ROOT}/Target Support Files/Pods-BallroomBuySell/Pods-BallroomBuySell-frameworks-${CONFIGURATION}-input-files.xcfilelist",
			);
			name = "[CP] Embed Pods Frameworks";
			outputFileListPaths = (
				"${PODS_ROOT}/Target Support Files/Pods-BallroomBuySell/Pods-BallroomBuySell-frameworks-${CONFIGURATION}-output-files.xcfilelist",
			);
			runOnlyForDeploymentPostprocessing = 0;
			shellPath = /bin/sh;
			shellScript = "\"${PODS_ROOT}/Target Support Files/Pods-BallroomBuySell/Pods-BallroomBuySell-frameworks.sh\"\n";
			showEnvVarsInLog = 0;
		};
		629DED7F9B5837E7FACC53D8 /* [CP] Check Pods Manifest.lock */ = {
			isa = PBXShellScriptBuildPhase;
			buildActionMask = 2147483647;
			files = (
			);
			inputFileListPaths = (
			);
			inputPaths = (
				"${PODS_PODFILE_DIR_PATH}/Podfile.lock",
				"${PODS_ROOT}/Manifest.lock",
			);
			name = "[CP] Check Pods Manifest.lock";
			outputFileListPaths = (
			);
			outputPaths = (
				"$(DERIVED_FILE_DIR)/Pods-BallroomBuySell-checkManifestLockResult.txt",
			);
			runOnlyForDeploymentPostprocessing = 0;
			shellPath = /bin/sh;
			shellScript = "diff \"${PODS_PODFILE_DIR_PATH}/Podfile.lock\" \"${PODS_ROOT}/Manifest.lock\" > /dev/null\nif [ $? != 0 ] ; then\n    # print error to STDERR\n    echo \"error: The sandbox is not in sync with the Podfile.lock. Run 'pod install' or update your CocoaPods installation.\" >&2\n    exit 1\nfi\n# This output is used by Xcode 'outputs' to avoid re-running this script phase.\necho \"SUCCESS\" > \"${SCRIPT_OUTPUT_FILE_0}\"\n";
			showEnvVarsInLog = 0;
		};
/* End PBXShellScriptBuildPhase section */

/* Begin PBXSourcesBuildPhase section */
		8D1BB521273EF97700677EF7 /* Sources */ = {
			isa = PBXSourcesBuildPhase;
			buildActionMask = 2147483647;
			files = (
				8D9D4524277231D7004C5565 /* SignUpVC.swift in Sources */,
				8D9D451F277228EF004C5565 /* ProfileVC.swift in Sources */,
				8D9D455327822B85004C5565 /* ButtonTableCell.swift in Sources */,
				8D9D4545277D1573004C5565 /* SignUpVM.swift in Sources */,
				8D9D453F277CDE09004C5565 /* TextFieldTableCell.swift in Sources */,
				8D9D4536277B92DB004C5565 /* AuthenticationManager.swift in Sources */,
				8D9D45592782302C004C5565 /* UIButton.swift in Sources */,
				8D9D451727721F77004C5565 /* ViewControllerProtocol.swift in Sources */,
				8D9D4538277BB14C004C5565 /* SellVC.swift in Sources */,
				8D9D452127723068004C5565 /* LoginVC.swift in Sources */,
				8D9D452E277A2BFE004C5565 /* NavigationController.swift in Sources */,
				8D9D4530277A37C8004C5565 /* BuyVC.swift in Sources */,
				8D1BB529273EF97700677EF7 /* AppDelegate.swift in Sources */,
				8D9D453D277CDDFB004C5565 /* TextFieldCellDM.swift in Sources */,
				8D9D44ED2770C64A004C5565 /* UIViewController.swift in Sources */,
				8D9D4541277CDEFC004C5565 /* TableCellProtocol.swift in Sources */,
				8D1BB52B273EF97700677EF7 /* SceneDelegate.swift in Sources */,
				8D9D451A27721FCD004C5565 /* StoryboardManager.swift in Sources */,
				8D9D4547277D15AD004C5565 /* LoginVM.swift in Sources */,
			);
			runOnlyForDeploymentPostprocessing = 0;
		};
/* End PBXSourcesBuildPhase section */

/* Begin PBXVariantGroup section */
		8D1BB52E273EF97700677EF7 /* Main.storyboard */ = {
			isa = PBXVariantGroup;
			children = (
				8D1BB52F273EF97700677EF7 /* Base */,
			);
			name = Main.storyboard;
			sourceTree = "<group>";
		};
		8D1BB533273EF97900677EF7 /* LaunchScreen.storyboard */ = {
			isa = PBXVariantGroup;
			children = (
				8D1BB534273EF97900677EF7 /* Base */,
			);
			name = LaunchScreen.storyboard;
			sourceTree = "<group>";
		};
		8D9D450727711E44004C5565 /* Localizable.strings */ = {
			isa = PBXVariantGroup;
			children = (
				8D9D450827711E44004C5565 /* ru */,
				8D9D450A27711E73004C5565 /* zh-Hant */,
				8D9D450B27711E83004C5565 /* en */,
			);
			name = Localizable.strings;
			sourceTree = "<group>";
		};
/* End PBXVariantGroup section */

/* Begin XCBuildConfiguration section */
		8D1BB537273EF97900677EF7 /* Debug */ = {
			isa = XCBuildConfiguration;
			buildSettings = {
				ALWAYS_SEARCH_USER_PATHS = NO;
				CLANG_ANALYZER_LOCALIZABILITY_NONLOCALIZED = YES;
				CLANG_ANALYZER_NONNULL = YES;
				CLANG_ANALYZER_NUMBER_OBJECT_CONVERSION = YES_AGGRESSIVE;
				CLANG_CXX_LANGUAGE_STANDARD = "gnu++14";
				CLANG_CXX_LIBRARY = "libc++";
				CLANG_ENABLE_MODULES = YES;
				CLANG_ENABLE_OBJC_ARC = YES;
				CLANG_ENABLE_OBJC_WEAK = YES;
				CLANG_WARN_BLOCK_CAPTURE_AUTORELEASING = YES;
				CLANG_WARN_BOOL_CONVERSION = YES;
				CLANG_WARN_COMMA = YES;
				CLANG_WARN_CONSTANT_CONVERSION = YES;
				CLANG_WARN_DEPRECATED_OBJC_IMPLEMENTATIONS = YES;
				CLANG_WARN_DIRECT_OBJC_ISA_USAGE = YES_ERROR;
				CLANG_WARN_DOCUMENTATION_COMMENTS = YES;
				CLANG_WARN_EMPTY_BODY = YES;
				CLANG_WARN_ENUM_CONVERSION = YES;
				CLANG_WARN_INFINITE_RECURSION = YES;
				CLANG_WARN_INT_CONVERSION = YES;
				CLANG_WARN_NON_LITERAL_NULL_CONVERSION = YES;
				CLANG_WARN_OBJC_IMPLICIT_RETAIN_SELF = YES;
				CLANG_WARN_OBJC_LITERAL_CONVERSION = YES;
				CLANG_WARN_OBJC_ROOT_CLASS = YES_ERROR;
				CLANG_WARN_QUOTED_INCLUDE_IN_FRAMEWORK_HEADER = YES;
				CLANG_WARN_RANGE_LOOP_ANALYSIS = YES;
				CLANG_WARN_STRICT_PROTOTYPES = YES;
				CLANG_WARN_SUSPICIOUS_MOVE = YES;
				CLANG_WARN_UNGUARDED_AVAILABILITY = YES_AGGRESSIVE;
				CLANG_WARN_UNREACHABLE_CODE = YES;
				CLANG_WARN__DUPLICATE_METHOD_MATCH = YES;
				COPY_PHASE_STRIP = NO;
				DEBUG_INFORMATION_FORMAT = dwarf;
				ENABLE_STRICT_OBJC_MSGSEND = YES;
				ENABLE_TESTABILITY = YES;
				GCC_C_LANGUAGE_STANDARD = gnu11;
				GCC_DYNAMIC_NO_PIC = NO;
				GCC_NO_COMMON_BLOCKS = YES;
				GCC_OPTIMIZATION_LEVEL = 0;
				GCC_PREPROCESSOR_DEFINITIONS = (
					"DEBUG=1",
					"$(inherited)",
				);
				GCC_WARN_64_TO_32_BIT_CONVERSION = YES;
				GCC_WARN_ABOUT_RETURN_TYPE = YES_ERROR;
				GCC_WARN_UNDECLARED_SELECTOR = YES;
				GCC_WARN_UNINITIALIZED_AUTOS = YES_AGGRESSIVE;
				GCC_WARN_UNUSED_FUNCTION = YES;
				GCC_WARN_UNUSED_VARIABLE = YES;
				IPHONEOS_DEPLOYMENT_TARGET = 14.1;
				MTL_ENABLE_DEBUG_INFO = INCLUDE_SOURCE;
				MTL_FAST_MATH = YES;
				ONLY_ACTIVE_ARCH = YES;
				SDKROOT = iphoneos;
				SWIFT_ACTIVE_COMPILATION_CONDITIONS = DEBUG;
				SWIFT_OPTIMIZATION_LEVEL = "-Onone";
			};
			name = Debug;
		};
		8D1BB538273EF97900677EF7 /* Release */ = {
			isa = XCBuildConfiguration;
			buildSettings = {
				ALWAYS_SEARCH_USER_PATHS = NO;
				CLANG_ANALYZER_LOCALIZABILITY_NONLOCALIZED = YES;
				CLANG_ANALYZER_NONNULL = YES;
				CLANG_ANALYZER_NUMBER_OBJECT_CONVERSION = YES_AGGRESSIVE;
				CLANG_CXX_LANGUAGE_STANDARD = "gnu++14";
				CLANG_CXX_LIBRARY = "libc++";
				CLANG_ENABLE_MODULES = YES;
				CLANG_ENABLE_OBJC_ARC = YES;
				CLANG_ENABLE_OBJC_WEAK = YES;
				CLANG_WARN_BLOCK_CAPTURE_AUTORELEASING = YES;
				CLANG_WARN_BOOL_CONVERSION = YES;
				CLANG_WARN_COMMA = YES;
				CLANG_WARN_CONSTANT_CONVERSION = YES;
				CLANG_WARN_DEPRECATED_OBJC_IMPLEMENTATIONS = YES;
				CLANG_WARN_DIRECT_OBJC_ISA_USAGE = YES_ERROR;
				CLANG_WARN_DOCUMENTATION_COMMENTS = YES;
				CLANG_WARN_EMPTY_BODY = YES;
				CLANG_WARN_ENUM_CONVERSION = YES;
				CLANG_WARN_INFINITE_RECURSION = YES;
				CLANG_WARN_INT_CONVERSION = YES;
				CLANG_WARN_NON_LITERAL_NULL_CONVERSION = YES;
				CLANG_WARN_OBJC_IMPLICIT_RETAIN_SELF = YES;
				CLANG_WARN_OBJC_LITERAL_CONVERSION = YES;
				CLANG_WARN_OBJC_ROOT_CLASS = YES_ERROR;
				CLANG_WARN_QUOTED_INCLUDE_IN_FRAMEWORK_HEADER = YES;
				CLANG_WARN_RANGE_LOOP_ANALYSIS = YES;
				CLANG_WARN_STRICT_PROTOTYPES = YES;
				CLANG_WARN_SUSPICIOUS_MOVE = YES;
				CLANG_WARN_UNGUARDED_AVAILABILITY = YES_AGGRESSIVE;
				CLANG_WARN_UNREACHABLE_CODE = YES;
				CLANG_WARN__DUPLICATE_METHOD_MATCH = YES;
				COPY_PHASE_STRIP = NO;
				DEBUG_INFORMATION_FORMAT = "dwarf-with-dsym";
				ENABLE_NS_ASSERTIONS = NO;
				ENABLE_STRICT_OBJC_MSGSEND = YES;
				GCC_C_LANGUAGE_STANDARD = gnu11;
				GCC_NO_COMMON_BLOCKS = YES;
				GCC_WARN_64_TO_32_BIT_CONVERSION = YES;
				GCC_WARN_ABOUT_RETURN_TYPE = YES_ERROR;
				GCC_WARN_UNDECLARED_SELECTOR = YES;
				GCC_WARN_UNINITIALIZED_AUTOS = YES_AGGRESSIVE;
				GCC_WARN_UNUSED_FUNCTION = YES;
				GCC_WARN_UNUSED_VARIABLE = YES;
				IPHONEOS_DEPLOYMENT_TARGET = 14.1;
				MTL_ENABLE_DEBUG_INFO = NO;
				MTL_FAST_MATH = YES;
				SDKROOT = iphoneos;
				SWIFT_COMPILATION_MODE = wholemodule;
				SWIFT_OPTIMIZATION_LEVEL = "-O";
				VALIDATE_PRODUCT = YES;
			};
			name = Release;
		};
		8D1BB53A273EF97900677EF7 /* Debug */ = {
			isa = XCBuildConfiguration;
			baseConfigurationReference = EFF8202CE7EC04C8D430A991 /* Pods-BallroomBuySell.debug.xcconfig */;
			buildSettings = {
				ASSETCATALOG_COMPILER_APPICON_NAME = AppIcon;
				ASSETCATALOG_COMPILER_GLOBAL_ACCENT_COLOR_NAME = AccentColor;
				CODE_SIGN_STYLE = Automatic;
				DEVELOPMENT_TEAM = WHN9X2V7W8;
				INFOPLIST_FILE = BallroomBuySell/Resources/Info.plist;
				LD_RUNPATH_SEARCH_PATHS = (
					"$(inherited)",
					"@executable_path/Frameworks",
				);
				PRODUCT_BUNDLE_IDENTIFIER = tchapman.personal.BallroomBuySell;
				PRODUCT_NAME = "$(TARGET_NAME)";
				SWIFT_VERSION = 5.0;
				TARGETED_DEVICE_FAMILY = 1;
			};
			name = Debug;
		};
		8D1BB53B273EF97900677EF7 /* Release */ = {
			isa = XCBuildConfiguration;
			baseConfigurationReference = 09779C0BEDEA96E86099060F /* Pods-BallroomBuySell.release.xcconfig */;
			buildSettings = {
				ASSETCATALOG_COMPILER_APPICON_NAME = AppIcon;
				ASSETCATALOG_COMPILER_GLOBAL_ACCENT_COLOR_NAME = AccentColor;
				CODE_SIGN_STYLE = Automatic;
				DEVELOPMENT_TEAM = WHN9X2V7W8;
				INFOPLIST_FILE = BallroomBuySell/Resources/Info.plist;
				LD_RUNPATH_SEARCH_PATHS = (
					"$(inherited)",
					"@executable_path/Frameworks",
				);
				PRODUCT_BUNDLE_IDENTIFIER = tchapman.personal.BallroomBuySell;
				PRODUCT_NAME = "$(TARGET_NAME)";
				SWIFT_VERSION = 5.0;
				TARGETED_DEVICE_FAMILY = 1;
			};
			name = Release;
		};
/* End XCBuildConfiguration section */

/* Begin XCConfigurationList section */
		8D1BB520273EF97700677EF7 /* Build configuration list for PBXProject "BallroomBuySell" */ = {
			isa = XCConfigurationList;
			buildConfigurations = (
				8D1BB537273EF97900677EF7 /* Debug */,
				8D1BB538273EF97900677EF7 /* Release */,
			);
			defaultConfigurationIsVisible = 0;
			defaultConfigurationName = Release;
		};
		8D1BB539273EF97900677EF7 /* Build configuration list for PBXNativeTarget "BallroomBuySell" */ = {
			isa = XCConfigurationList;
			buildConfigurations = (
				8D1BB53A273EF97900677EF7 /* Debug */,
				8D1BB53B273EF97900677EF7 /* Release */,
			);
			defaultConfigurationIsVisible = 0;
			defaultConfigurationName = Release;
		};
/* End XCConfigurationList section */
	};
	rootObject = 8D1BB51D273EF97700677EF7 /* Project object */;
}
