// !$*UTF8*$!
{
	archiveVersion = 1;
	classes = {
	};
	objectVersion = 52;
	objects = {

/* Begin PBXBuildFile section */
		8D0E0D0327B6CA1300E1EEE0 /* MediaManager.swift in Sources */ = {isa = PBXBuildFile; fileRef = 8D0E0D0227B6CA1300E1EEE0 /* MediaManager.swift */; };
		8D0E0D0527B6D14C00E1EEE0 /* AuthenticatorProtocol.swift in Sources */ = {isa = PBXBuildFile; fileRef = 8D0E0D0427B6D14C00E1EEE0 /* AuthenticatorProtocol.swift */; };
		8D1BB529273EF97700677EF7 /* AppDelegate.swift in Sources */ = {isa = PBXBuildFile; fileRef = 8D1BB528273EF97700677EF7 /* AppDelegate.swift */; };
		8D1BB52B273EF97700677EF7 /* SceneDelegate.swift in Sources */ = {isa = PBXBuildFile; fileRef = 8D1BB52A273EF97700677EF7 /* SceneDelegate.swift */; };
		8D1BB530273EF97700677EF7 /* Main.storyboard in Resources */ = {isa = PBXBuildFile; fileRef = 8D1BB52E273EF97700677EF7 /* Main.storyboard */; };
		8D1BB532273EF97900677EF7 /* Assets.xcassets in Resources */ = {isa = PBXBuildFile; fileRef = 8D1BB531273EF97900677EF7 /* Assets.xcassets */; };
		8D1BB535273EF97900677EF7 /* LaunchScreen.storyboard in Resources */ = {isa = PBXBuildFile; fileRef = 8D1BB533273EF97900677EF7 /* LaunchScreen.storyboard */; };
		8D34D053282825FA008D690F /* Reportable.swift in Sources */ = {isa = PBXBuildFile; fileRef = 8D34D052282825FA008D690F /* Reportable.swift */; };
		8D408F3527CED7B900F13038 /* LocalizedString.swift in Sources */ = {isa = PBXBuildFile; fileRef = 8D408F3427CED7B900F13038 /* LocalizedString.swift */; };
		8D677BC6282D8D37003051F6 /* Storable.swift in Sources */ = {isa = PBXBuildFile; fileRef = 8D677BC5282D8D37003051F6 /* Storable.swift */; };
		8D773D0E27ACA67D0089FD9F /* ImageManager.swift in Sources */ = {isa = PBXBuildFile; fileRef = 8D773D0D27ACA67D0089FD9F /* ImageManager.swift */; };
		8D78664727B0BB1400B1D817 /* Environment.swift in Sources */ = {isa = PBXBuildFile; fileRef = 8D78664627B0BB1400B1D817 /* Environment.swift */; };
		8D9D44ED2770C64A004C5565 /* UIViewController.swift in Sources */ = {isa = PBXBuildFile; fileRef = 8D9D44EC2770C64A004C5565 /* UIViewController.swift */; };
		8D9D450927711E44004C5565 /* Localizable.strings in Resources */ = {isa = PBXBuildFile; fileRef = 8D9D450727711E44004C5565 /* Localizable.strings */; };
		8D9D451727721F77004C5565 /* ViewControllerProtocol.swift in Sources */ = {isa = PBXBuildFile; fileRef = 8D9D451627721F77004C5565 /* ViewControllerProtocol.swift */; };
		8D9D451F277228EF004C5565 /* InboxVC.swift in Sources */ = {isa = PBXBuildFile; fileRef = 8D9D451E277228EF004C5565 /* InboxVC.swift */; };
		8D9D452127723068004C5565 /* LoginVC.swift in Sources */ = {isa = PBXBuildFile; fileRef = 8D9D452027723068004C5565 /* LoginVC.swift */; };
		8D9D4524277231D7004C5565 /* SignUpVC.swift in Sources */ = {isa = PBXBuildFile; fileRef = 8D9D4523277231D7004C5565 /* SignUpVC.swift */; };
		8D9D452B277A28A2004C5565 /* Staging.storyboard in Resources */ = {isa = PBXBuildFile; fileRef = 8D9D452A277A28A2004C5565 /* Staging.storyboard */; };
		8D9D452E277A2BFE004C5565 /* NavigationController.swift in Sources */ = {isa = PBXBuildFile; fileRef = 8D9D452D277A2BFE004C5565 /* NavigationController.swift */; };
		8D9D4530277A37C8004C5565 /* FeedVC.swift in Sources */ = {isa = PBXBuildFile; fileRef = 8D9D452F277A37C8004C5565 /* FeedVC.swift */; };
		8D9D4532277A53D0004C5565 /* GoogleService-Info.plist in Resources */ = {isa = PBXBuildFile; fileRef = 8D9D4531277A53D0004C5565 /* GoogleService-Info.plist */; };
		8D9D4536277B92DB004C5565 /* AuthenticationManager.swift in Sources */ = {isa = PBXBuildFile; fileRef = 8D9D4535277B92DB004C5565 /* AuthenticationManager.swift */; };
		8D9D4538277BB14C004C5565 /* SellVC.swift in Sources */ = {isa = PBXBuildFile; fileRef = 8D9D4537277BB14C004C5565 /* SellVC.swift */; };
		8D9D453D277CDDFB004C5565 /* TextFieldCellDM.swift in Sources */ = {isa = PBXBuildFile; fileRef = 8D9D453C277CDDFB004C5565 /* TextFieldCellDM.swift */; };
		8D9D453F277CDE09004C5565 /* TextFieldTableCell.swift in Sources */ = {isa = PBXBuildFile; fileRef = 8D9D453E277CDE09004C5565 /* TextFieldTableCell.swift */; };
		8D9D4541277CDEFC004C5565 /* TableCellProtocol.swift in Sources */ = {isa = PBXBuildFile; fileRef = 8D9D4540277CDEFC004C5565 /* TableCellProtocol.swift */; };
		8D9D4543277CE193004C5565 /* TextFieldTableCell.xib in Resources */ = {isa = PBXBuildFile; fileRef = 8D9D4542277CE193004C5565 /* TextFieldTableCell.xib */; };
		8D9D4545277D1573004C5565 /* SignUpVM.swift in Sources */ = {isa = PBXBuildFile; fileRef = 8D9D4544277D1573004C5565 /* SignUpVM.swift */; };
		8D9D4547277D15AD004C5565 /* LoginVM.swift in Sources */ = {isa = PBXBuildFile; fileRef = 8D9D4546277D15AD004C5565 /* LoginVM.swift */; };
		8D9D455327822B85004C5565 /* ButtonTableCell.swift in Sources */ = {isa = PBXBuildFile; fileRef = 8D9D455227822B85004C5565 /* ButtonTableCell.swift */; };
		8D9D455527822B91004C5565 /* ButtonTableCell.xib in Resources */ = {isa = PBXBuildFile; fileRef = 8D9D455427822B91004C5565 /* ButtonTableCell.xib */; };
		8D9D455C2787666A004C5565 /* PickerViewController.swift in Sources */ = {isa = PBXBuildFile; fileRef = 8D9D455B2787666A004C5565 /* PickerViewController.swift */; };
		8D9D455E278767A4004C5565 /* PickerViewController.xib in Resources */ = {isa = PBXBuildFile; fileRef = 8D9D455D278767A4004C5565 /* PickerViewController.xib */; };
		8D9D456227876E54004C5565 /* PickerCellDM.swift in Sources */ = {isa = PBXBuildFile; fileRef = 8D9D456127876E54004C5565 /* PickerCellDM.swift */; };
		8D9D456427876E61004C5565 /* PickerTableCell.swift in Sources */ = {isa = PBXBuildFile; fileRef = 8D9D456327876E61004C5565 /* PickerTableCell.swift */; };
		8D9D456627876E6F004C5565 /* PickerTableCell.xib in Resources */ = {isa = PBXBuildFile; fileRef = 8D9D456527876E6F004C5565 /* PickerTableCell.xib */; };
		8D9D456827877820004C5565 /* PickerValue.swift in Sources */ = {isa = PBXBuildFile; fileRef = 8D9D456727877820004C5565 /* PickerValue.swift */; };
		8D9D456A2787788A004C5565 /* Date.swift in Sources */ = {isa = PBXBuildFile; fileRef = 8D9D45692787788A004C5565 /* Date.swift */; };
		8D9D456C278778C8004C5565 /* DateFormatter.swift in Sources */ = {isa = PBXBuildFile; fileRef = 8D9D456B278778C8004C5565 /* DateFormatter.swift */; };
		8D9D456E27877D4C004C5565 /* SaleItemVM.swift in Sources */ = {isa = PBXBuildFile; fileRef = 8D9D456D27877D4C004C5565 /* SaleItemVM.swift */; };
		8D9D45702788C3B3004C5565 /* FeedVM.swift in Sources */ = {isa = PBXBuildFile; fileRef = 8D9D456F2788C3B3004C5565 /* FeedVM.swift */; };
		8D9D45732788D929004C5565 /* User.swift in Sources */ = {isa = PBXBuildFile; fileRef = 8D9D45722788D929004C5565 /* User.swift */; };
		8D9D45752788DF30004C5565 /* DatabaseManager.swift in Sources */ = {isa = PBXBuildFile; fileRef = 8D9D45742788DF30004C5565 /* DatabaseManager.swift */; };
		8D9D45772788E038004C5565 /* SaleItem.swift in Sources */ = {isa = PBXBuildFile; fileRef = 8D9D45762788E038004C5565 /* SaleItem.swift */; };
		8D9D45792788F044004C5565 /* SaleItemCellStructure.swift in Sources */ = {isa = PBXBuildFile; fileRef = 8D9D45782788F044004C5565 /* SaleItemCellStructure.swift */; };
		8D9D457D2788F0E4004C5565 /* SaleItemTemplate.swift in Sources */ = {isa = PBXBuildFile; fileRef = 8D9D457C2788F0E4004C5565 /* SaleItemTemplate.swift */; };
		8D9D457F2788F5EF004C5565 /* SaleItemCellType.swift in Sources */ = {isa = PBXBuildFile; fileRef = 8D9D457E2788F5EF004C5565 /* SaleItemCellType.swift */; };
		8D9D45832789F79D004C5565 /* TemplateManager.swift in Sources */ = {isa = PBXBuildFile; fileRef = 8D9D45822789F79D004C5565 /* TemplateManager.swift */; };
		8D9D4585278A451A004C5565 /* UIButton.swift in Sources */ = {isa = PBXBuildFile; fileRef = 8D9D4584278A451A004C5565 /* UIButton.swift */; };
		8D9D4589279096C6004C5565 /* InputType.swift in Sources */ = {isa = PBXBuildFile; fileRef = 8D9D4588279096C6004C5565 /* InputType.swift */; };
		8D9D458E2790BE91004C5565 /* SaleItemViewVC.swift in Sources */ = {isa = PBXBuildFile; fileRef = 8D9D458D2790BE91004C5565 /* SaleItemViewVC.swift */; };
		8D9D45902790CF40004C5565 /* Storyboard.swift in Sources */ = {isa = PBXBuildFile; fileRef = 8D9D458F2790CF40004C5565 /* Storyboard.swift */; };
		8D9D45942791D4F0004C5565 /* FileSystemManager.swift in Sources */ = {isa = PBXBuildFile; fileRef = 8D9D45932791D4F0004C5565 /* FileSystemManager.swift */; };
		8D9D45992791F67F004C5565 /* ImageCollectionCell.swift in Sources */ = {isa = PBXBuildFile; fileRef = 8D9D45982791F67F004C5565 /* ImageCollectionCell.swift */; };
		8D9D459B2791F690004C5565 /* ImageCollectionCell.xib in Resources */ = {isa = PBXBuildFile; fileRef = 8D9D459A2791F690004C5565 /* ImageCollectionCell.xib */; };
		8D9D459D2791F69E004C5565 /* ImageTableCell.swift in Sources */ = {isa = PBXBuildFile; fileRef = 8D9D459C2791F69E004C5565 /* ImageTableCell.swift */; };
		8D9D459F2791F6B0004C5565 /* ImageTableCell.xib in Resources */ = {isa = PBXBuildFile; fileRef = 8D9D459E2791F6B0004C5565 /* ImageTableCell.xib */; };
		8D9D45A12791F711004C5565 /* CollectionCellProtocol.swift in Sources */ = {isa = PBXBuildFile; fileRef = 8D9D45A02791F711004C5565 /* CollectionCellProtocol.swift */; };
		8D9D45A327922303004C5565 /* PermissionsManager.swift in Sources */ = {isa = PBXBuildFile; fileRef = 8D9D45A227922303004C5565 /* PermissionsManager.swift */; };
		8D9D45A627922FBE004C5565 /* ImageViewer.swift in Sources */ = {isa = PBXBuildFile; fileRef = 8D9D45A527922FBE004C5565 /* ImageViewer.swift */; };
		8D9D45A827922FC9004C5565 /* ImageViewer.xib in Resources */ = {isa = PBXBuildFile; fileRef = 8D9D45A727922FC9004C5565 /* ImageViewer.xib */; };
		8D9D45AA27933420004C5565 /* ImageCellDM.swift in Sources */ = {isa = PBXBuildFile; fileRef = 8D9D45A927933420004C5565 /* ImageCellDM.swift */; };
		8D9D45B2279E1285004C5565 /* Image.swift in Sources */ = {isa = PBXBuildFile; fileRef = 8D9D45B1279E1285004C5565 /* Image.swift */; };
		8D9D45B6279F3758004C5565 /* SaleItemListVC.swift in Sources */ = {isa = PBXBuildFile; fileRef = 8D9D45B5279F3758004C5565 /* SaleItemListVC.swift */; };
		8D9D45B8279F3764004C5565 /* SaleItemFilterVC.swift in Sources */ = {isa = PBXBuildFile; fileRef = 8D9D45B7279F3764004C5565 /* SaleItemFilterVC.swift */; };
		8D9D45BE27A07C8B004C5565 /* SaleItemListVM.swift in Sources */ = {isa = PBXBuildFile; fileRef = 8D9D45BD27A07C8B004C5565 /* SaleItemListVM.swift */; };
		8D9D45C127A08E1A004C5565 /* SaleItemCollectionCell.swift in Sources */ = {isa = PBXBuildFile; fileRef = 8D9D45C027A08E1A004C5565 /* SaleItemCollectionCell.swift */; };
		8D9D45C427A08E34004C5565 /* SaleItemCellDM.swift in Sources */ = {isa = PBXBuildFile; fileRef = 8D9D45C327A08E34004C5565 /* SaleItemCellDM.swift */; };
		8D9D45C627A08E55004C5565 /* SaleItemCollectionCell.xib in Resources */ = {isa = PBXBuildFile; fileRef = 8D9D45C527A08E55004C5565 /* SaleItemCollectionCell.xib */; };
		8DA71CFD27A3699F0025C1D5 /* FeedSectionHeader.swift in Sources */ = {isa = PBXBuildFile; fileRef = 8DA71CFC27A3699F0025C1D5 /* FeedSectionHeader.swift */; };
		8DA71CFF27A36D760025C1D5 /* CategoryCollectionCell.swift in Sources */ = {isa = PBXBuildFile; fileRef = 8DA71CFE27A36D760025C1D5 /* CategoryCollectionCell.swift */; };
		8DA71D0227A36D950025C1D5 /* CategoryCollectionCellDM.swift in Sources */ = {isa = PBXBuildFile; fileRef = 8DA71D0127A36D950025C1D5 /* CategoryCollectionCellDM.swift */; };
		8DA71D0427A36E280025C1D5 /* UICollectionViewCell.swift in Sources */ = {isa = PBXBuildFile; fileRef = 8DA71D0327A36E280025C1D5 /* UICollectionViewCell.swift */; };
		8DA71D0627A376F30025C1D5 /* FeedSectionHeader.xib in Resources */ = {isa = PBXBuildFile; fileRef = 8DA71D0527A376F30025C1D5 /* FeedSectionHeader.xib */; };
		8DA71D0927A474C40025C1D5 /* MessageThreadVC.swift in Sources */ = {isa = PBXBuildFile; fileRef = 8DA71D0827A474C40025C1D5 /* MessageThreadVC.swift */; };
		8DA71D0B27A48A170025C1D5 /* MessageThread.swift in Sources */ = {isa = PBXBuildFile; fileRef = 8DA71D0A27A48A170025C1D5 /* MessageThread.swift */; };
		8DA71D0D27A48B2B0025C1D5 /* Message.swift in Sources */ = {isa = PBXBuildFile; fileRef = 8DA71D0C27A48B2B0025C1D5 /* Message.swift */; };
		8DA71D1127A48F0C0025C1D5 /* InboxVM.swift in Sources */ = {isa = PBXBuildFile; fileRef = 8DA71D1027A48F0C0025C1D5 /* InboxVM.swift */; };
		8DA71D1327A499D20025C1D5 /* MessageThreadVM.swift in Sources */ = {isa = PBXBuildFile; fileRef = 8DA71D1227A499D20025C1D5 /* MessageThreadVM.swift */; };
		8DA71D1627A4A2B60025C1D5 /* InboxTableCell.swift in Sources */ = {isa = PBXBuildFile; fileRef = 8DA71D1527A4A2B60025C1D5 /* InboxTableCell.swift */; };
		8DA71D1827A4A2C50025C1D5 /* InboxCellDM.swift in Sources */ = {isa = PBXBuildFile; fileRef = 8DA71D1727A4A2C50025C1D5 /* InboxCellDM.swift */; };
		8DA71D1A27A63F590025C1D5 /* Sender.swift in Sources */ = {isa = PBXBuildFile; fileRef = 8DA71D1927A63F590025C1D5 /* Sender.swift */; };
		8DA8D30428170F9F00F158CE /* Report.swift in Sources */ = {isa = PBXBuildFile; fileRef = 8DA8D30328170F9F00F158CE /* Report.swift */; };
		8DCC41C327F0A3670090EDDE /* Sizing.swift in Sources */ = {isa = PBXBuildFile; fileRef = 8DCC41C227F0A3670090EDDE /* Sizing.swift */; };
		8DCC41C927F382730090EDDE /* UIView.swift in Sources */ = {isa = PBXBuildFile; fileRef = 8DCC41C827F382730090EDDE /* UIView.swift */; };
		8DCC41CB27F4913E0090EDDE /* String.swift in Sources */ = {isa = PBXBuildFile; fileRef = 8DCC41CA27F4913E0090EDDE /* String.swift */; };
		8DCC41CD27F4E0980090EDDE /* Reachability.swift in Sources */ = {isa = PBXBuildFile; fileRef = 8DCC41CC27F4E0980090EDDE /* Reachability.swift */; };
		8DCC41CF27F60E270090EDDE /* Theme.swift in Sources */ = {isa = PBXBuildFile; fileRef = 8DCC41CE27F60E270090EDDE /* Theme.swift */; };
		8DCC41D227F649890090EDDE /* InboxEmptyTableCell.swift in Sources */ = {isa = PBXBuildFile; fileRef = 8DCC41D127F649890090EDDE /* InboxEmptyTableCell.swift */; };
		8DCC41D527F653CA0090EDDE /* EmptyListCollectionReusableView.swift in Sources */ = {isa = PBXBuildFile; fileRef = 8DCC41D427F653CA0090EDDE /* EmptyListCollectionReusableView.swift */; };
		8DCC41D727F656580090EDDE /* EmptyListCollectionReusableView.xib in Resources */ = {isa = PBXBuildFile; fileRef = 8DCC41D627F656580090EDDE /* EmptyListCollectionReusableView.xib */; };
		8DCD6E1127F00782008FF5A7 /* SwitchTableCell.swift in Sources */ = {isa = PBXBuildFile; fileRef = 8DCD6E1027F00782008FF5A7 /* SwitchTableCell.swift */; };
		8DCD6E1327F00796008FF5A7 /* SwitchTableCell.xib in Resources */ = {isa = PBXBuildFile; fileRef = 8DCD6E1227F00796008FF5A7 /* SwitchTableCell.xib */; };
		8DCD6E1527F007A1008FF5A7 /* SwitchCellDM.swift in Sources */ = {isa = PBXBuildFile; fileRef = 8DCD6E1427F007A1008FF5A7 /* SwitchCellDM.swift */; };
		8DE4E45E27B30D5D002980D3 /* FirebaseAppCheck in Frameworks */ = {isa = PBXBuildFile; productRef = 8DE4E45D27B30D5D002980D3 /* FirebaseAppCheck */; };
		8DE4E46027B30D5D002980D3 /* FirebaseAuth in Frameworks */ = {isa = PBXBuildFile; productRef = 8DE4E45F27B30D5D002980D3 /* FirebaseAuth */; };
		8DE4E46227B30D5D002980D3 /* FirebaseFirestore in Frameworks */ = {isa = PBXBuildFile; productRef = 8DE4E46127B30D5D002980D3 /* FirebaseFirestore */; };
		8DE4E46427B30D5D002980D3 /* FirebaseFirestoreSwift-Beta in Frameworks */ = {isa = PBXBuildFile; productRef = 8DE4E46327B30D5D002980D3 /* FirebaseFirestoreSwift-Beta */; };
		8DE4E46627B30D5D002980D3 /* FirebaseStorage in Frameworks */ = {isa = PBXBuildFile; productRef = 8DE4E46527B30D5D002980D3 /* FirebaseStorage */; };
		8DE4E46927B30DF2002980D3 /* MessageKit in Frameworks */ = {isa = PBXBuildFile; productRef = 8DE4E46827B30DF2002980D3 /* MessageKit */; };
		8DF3B43D27EFD57200EE6A55 /* Country.swift in Sources */ = {isa = PBXBuildFile; fileRef = 8DF3B43C27EFD57200EE6A55 /* Country.swift */; };
		8DF3B44027EFDB4800EE6A55 /* TextViewCellDM.swift in Sources */ = {isa = PBXBuildFile; fileRef = 8DF3B43F27EFDB4800EE6A55 /* TextViewCellDM.swift */; };
		8DF3B44227EFDB5300EE6A55 /* TextViewTableCell.swift in Sources */ = {isa = PBXBuildFile; fileRef = 8DF3B44127EFDB5300EE6A55 /* TextViewTableCell.swift */; };
		8DF3B44427EFDB5F00EE6A55 /* TextViewTableCell.xib in Resources */ = {isa = PBXBuildFile; fileRef = 8DF3B44327EFDB5F00EE6A55 /* TextViewTableCell.xib */; };
/* End PBXBuildFile section */

/* Begin PBXFileReference section */
		8D0E0CFB27B318C000E1EEE0 /* BallroomBuySell.app */ = {isa = PBXFileReference; explicitFileType = wrapper.application; includeInIndex = 0; path = BallroomBuySell.app; sourceTree = BUILT_PRODUCTS_DIR; };
		8D0E0D0227B6CA1300E1EEE0 /* MediaManager.swift */ = {isa = PBXFileReference; lastKnownFileType = sourcecode.swift; path = MediaManager.swift; sourceTree = "<group>"; };
		8D0E0D0427B6D14C00E1EEE0 /* AuthenticatorProtocol.swift */ = {isa = PBXFileReference; lastKnownFileType = sourcecode.swift; path = AuthenticatorProtocol.swift; sourceTree = "<group>"; };
		8D1BB528273EF97700677EF7 /* AppDelegate.swift */ = {isa = PBXFileReference; lastKnownFileType = sourcecode.swift; path = AppDelegate.swift; sourceTree = "<group>"; };
		8D1BB52A273EF97700677EF7 /* SceneDelegate.swift */ = {isa = PBXFileReference; lastKnownFileType = sourcecode.swift; path = SceneDelegate.swift; sourceTree = "<group>"; };
		8D1BB52F273EF97700677EF7 /* Base */ = {isa = PBXFileReference; lastKnownFileType = file.storyboard; name = Base; path = Base.lproj/Main.storyboard; sourceTree = "<group>"; };
		8D1BB531273EF97900677EF7 /* Assets.xcassets */ = {isa = PBXFileReference; lastKnownFileType = folder.assetcatalog; path = Assets.xcassets; sourceTree = "<group>"; };
		8D1BB534273EF97900677EF7 /* Base */ = {isa = PBXFileReference; lastKnownFileType = file.storyboard; name = Base; path = Base.lproj/LaunchScreen.storyboard; sourceTree = "<group>"; };
		8D1BB536273EF97900677EF7 /* Info.plist */ = {isa = PBXFileReference; lastKnownFileType = text.plist.xml; path = Info.plist; sourceTree = "<group>"; };
		8D34D052282825FA008D690F /* Reportable.swift */ = {isa = PBXFileReference; lastKnownFileType = sourcecode.swift; path = Reportable.swift; sourceTree = "<group>"; };
		8D39E12C27B2D7EA00C242C7 /* BallroomBuySell.entitlements */ = {isa = PBXFileReference; lastKnownFileType = text.plist.entitlements; path = BallroomBuySell.entitlements; sourceTree = "<group>"; };
		8D408F3427CED7B900F13038 /* LocalizedString.swift */ = {isa = PBXFileReference; lastKnownFileType = sourcecode.swift; path = LocalizedString.swift; sourceTree = "<group>"; };
		8D677BC5282D8D37003051F6 /* Storable.swift */ = {isa = PBXFileReference; lastKnownFileType = sourcecode.swift; path = Storable.swift; sourceTree = "<group>"; };
		8D773D0D27ACA67D0089FD9F /* ImageManager.swift */ = {isa = PBXFileReference; lastKnownFileType = sourcecode.swift; path = ImageManager.swift; sourceTree = "<group>"; };
		8D78664627B0BB1400B1D817 /* Environment.swift */ = {isa = PBXFileReference; lastKnownFileType = sourcecode.swift; path = Environment.swift; sourceTree = "<group>"; };
		8D9D44EC2770C64A004C5565 /* UIViewController.swift */ = {isa = PBXFileReference; lastKnownFileType = sourcecode.swift; path = UIViewController.swift; sourceTree = "<group>"; };
		8D9D450B27711E83004C5565 /* en */ = {isa = PBXFileReference; lastKnownFileType = text.plist.strings; name = en; path = en.lproj/Localizable.strings; sourceTree = "<group>"; };
		8D9D451627721F77004C5565 /* ViewControllerProtocol.swift */ = {isa = PBXFileReference; lastKnownFileType = sourcecode.swift; path = ViewControllerProtocol.swift; sourceTree = "<group>"; };
		8D9D451E277228EF004C5565 /* InboxVC.swift */ = {isa = PBXFileReference; lastKnownFileType = sourcecode.swift; path = InboxVC.swift; sourceTree = "<group>"; };
		8D9D452027723068004C5565 /* LoginVC.swift */ = {isa = PBXFileReference; lastKnownFileType = sourcecode.swift; path = LoginVC.swift; sourceTree = "<group>"; };
		8D9D4523277231D7004C5565 /* SignUpVC.swift */ = {isa = PBXFileReference; lastKnownFileType = sourcecode.swift; path = SignUpVC.swift; sourceTree = "<group>"; };
		8D9D452A277A28A2004C5565 /* Staging.storyboard */ = {isa = PBXFileReference; lastKnownFileType = file.storyboard; path = Staging.storyboard; sourceTree = "<group>"; };
		8D9D452D277A2BFE004C5565 /* NavigationController.swift */ = {isa = PBXFileReference; lastKnownFileType = sourcecode.swift; path = NavigationController.swift; sourceTree = "<group>"; };
		8D9D452F277A37C8004C5565 /* FeedVC.swift */ = {isa = PBXFileReference; lastKnownFileType = sourcecode.swift; path = FeedVC.swift; sourceTree = "<group>"; };
		8D9D4531277A53D0004C5565 /* GoogleService-Info.plist */ = {isa = PBXFileReference; fileEncoding = 4; lastKnownFileType = text.plist.xml; path = "GoogleService-Info.plist"; sourceTree = "<group>"; };
		8D9D4535277B92DB004C5565 /* AuthenticationManager.swift */ = {isa = PBXFileReference; lastKnownFileType = sourcecode.swift; path = AuthenticationManager.swift; sourceTree = "<group>"; };
		8D9D4537277BB14C004C5565 /* SellVC.swift */ = {isa = PBXFileReference; lastKnownFileType = sourcecode.swift; path = SellVC.swift; sourceTree = "<group>"; };
		8D9D453C277CDDFB004C5565 /* TextFieldCellDM.swift */ = {isa = PBXFileReference; lastKnownFileType = sourcecode.swift; path = TextFieldCellDM.swift; sourceTree = "<group>"; };
		8D9D453E277CDE09004C5565 /* TextFieldTableCell.swift */ = {isa = PBXFileReference; lastKnownFileType = sourcecode.swift; path = TextFieldTableCell.swift; sourceTree = "<group>"; };
		8D9D4540277CDEFC004C5565 /* TableCellProtocol.swift */ = {isa = PBXFileReference; lastKnownFileType = sourcecode.swift; path = TableCellProtocol.swift; sourceTree = "<group>"; };
		8D9D4542277CE193004C5565 /* TextFieldTableCell.xib */ = {isa = PBXFileReference; lastKnownFileType = file.xib; path = TextFieldTableCell.xib; sourceTree = "<group>"; };
		8D9D4544277D1573004C5565 /* SignUpVM.swift */ = {isa = PBXFileReference; lastKnownFileType = sourcecode.swift; path = SignUpVM.swift; sourceTree = "<group>"; };
		8D9D4546277D15AD004C5565 /* LoginVM.swift */ = {isa = PBXFileReference; lastKnownFileType = sourcecode.swift; path = LoginVM.swift; sourceTree = "<group>"; };
		8D9D455227822B85004C5565 /* ButtonTableCell.swift */ = {isa = PBXFileReference; lastKnownFileType = sourcecode.swift; path = ButtonTableCell.swift; sourceTree = "<group>"; };
		8D9D455427822B91004C5565 /* ButtonTableCell.xib */ = {isa = PBXFileReference; lastKnownFileType = file.xib; path = ButtonTableCell.xib; sourceTree = "<group>"; };
		8D9D455B2787666A004C5565 /* PickerViewController.swift */ = {isa = PBXFileReference; lastKnownFileType = sourcecode.swift; path = PickerViewController.swift; sourceTree = "<group>"; };
		8D9D455D278767A4004C5565 /* PickerViewController.xib */ = {isa = PBXFileReference; lastKnownFileType = file.xib; path = PickerViewController.xib; sourceTree = "<group>"; };
		8D9D456127876E54004C5565 /* PickerCellDM.swift */ = {isa = PBXFileReference; lastKnownFileType = sourcecode.swift; path = PickerCellDM.swift; sourceTree = "<group>"; };
		8D9D456327876E61004C5565 /* PickerTableCell.swift */ = {isa = PBXFileReference; lastKnownFileType = sourcecode.swift; path = PickerTableCell.swift; sourceTree = "<group>"; };
		8D9D456527876E6F004C5565 /* PickerTableCell.xib */ = {isa = PBXFileReference; lastKnownFileType = file.xib; path = PickerTableCell.xib; sourceTree = "<group>"; };
		8D9D456727877820004C5565 /* PickerValue.swift */ = {isa = PBXFileReference; lastKnownFileType = sourcecode.swift; path = PickerValue.swift; sourceTree = "<group>"; };
		8D9D45692787788A004C5565 /* Date.swift */ = {isa = PBXFileReference; lastKnownFileType = sourcecode.swift; path = Date.swift; sourceTree = "<group>"; };
		8D9D456B278778C8004C5565 /* DateFormatter.swift */ = {isa = PBXFileReference; lastKnownFileType = sourcecode.swift; path = DateFormatter.swift; sourceTree = "<group>"; };
		8D9D456D27877D4C004C5565 /* SaleItemVM.swift */ = {isa = PBXFileReference; lastKnownFileType = sourcecode.swift; path = SaleItemVM.swift; sourceTree = "<group>"; };
		8D9D456F2788C3B3004C5565 /* FeedVM.swift */ = {isa = PBXFileReference; lastKnownFileType = sourcecode.swift; path = FeedVM.swift; sourceTree = "<group>"; };
		8D9D45722788D929004C5565 /* User.swift */ = {isa = PBXFileReference; lastKnownFileType = sourcecode.swift; path = User.swift; sourceTree = "<group>"; };
		8D9D45742788DF30004C5565 /* DatabaseManager.swift */ = {isa = PBXFileReference; lastKnownFileType = sourcecode.swift; path = DatabaseManager.swift; sourceTree = "<group>"; };
		8D9D45762788E038004C5565 /* SaleItem.swift */ = {isa = PBXFileReference; lastKnownFileType = sourcecode.swift; path = SaleItem.swift; sourceTree = "<group>"; };
		8D9D45782788F044004C5565 /* SaleItemCellStructure.swift */ = {isa = PBXFileReference; lastKnownFileType = sourcecode.swift; path = SaleItemCellStructure.swift; sourceTree = "<group>"; };
		8D9D457C2788F0E4004C5565 /* SaleItemTemplate.swift */ = {isa = PBXFileReference; lastKnownFileType = sourcecode.swift; path = SaleItemTemplate.swift; sourceTree = "<group>"; };
		8D9D457E2788F5EF004C5565 /* SaleItemCellType.swift */ = {isa = PBXFileReference; lastKnownFileType = sourcecode.swift; path = SaleItemCellType.swift; sourceTree = "<group>"; };
		8D9D45822789F79D004C5565 /* TemplateManager.swift */ = {isa = PBXFileReference; lastKnownFileType = sourcecode.swift; path = TemplateManager.swift; sourceTree = "<group>"; };
		8D9D4584278A451A004C5565 /* UIButton.swift */ = {isa = PBXFileReference; lastKnownFileType = sourcecode.swift; path = UIButton.swift; sourceTree = "<group>"; };
		8D9D4588279096C6004C5565 /* InputType.swift */ = {isa = PBXFileReference; lastKnownFileType = sourcecode.swift; path = InputType.swift; sourceTree = "<group>"; };
		8D9D458D2790BE91004C5565 /* SaleItemViewVC.swift */ = {isa = PBXFileReference; lastKnownFileType = sourcecode.swift; path = SaleItemViewVC.swift; sourceTree = "<group>"; };
		8D9D458F2790CF40004C5565 /* Storyboard.swift */ = {isa = PBXFileReference; lastKnownFileType = sourcecode.swift; path = Storyboard.swift; sourceTree = "<group>"; };
		8D9D45932791D4F0004C5565 /* FileSystemManager.swift */ = {isa = PBXFileReference; lastKnownFileType = sourcecode.swift; path = FileSystemManager.swift; sourceTree = "<group>"; };
		8D9D45982791F67F004C5565 /* ImageCollectionCell.swift */ = {isa = PBXFileReference; lastKnownFileType = sourcecode.swift; path = ImageCollectionCell.swift; sourceTree = "<group>"; };
		8D9D459A2791F690004C5565 /* ImageCollectionCell.xib */ = {isa = PBXFileReference; lastKnownFileType = file.xib; path = ImageCollectionCell.xib; sourceTree = "<group>"; };
		8D9D459C2791F69E004C5565 /* ImageTableCell.swift */ = {isa = PBXFileReference; lastKnownFileType = sourcecode.swift; path = ImageTableCell.swift; sourceTree = "<group>"; };
		8D9D459E2791F6B0004C5565 /* ImageTableCell.xib */ = {isa = PBXFileReference; lastKnownFileType = file.xib; path = ImageTableCell.xib; sourceTree = "<group>"; };
		8D9D45A02791F711004C5565 /* CollectionCellProtocol.swift */ = {isa = PBXFileReference; lastKnownFileType = sourcecode.swift; path = CollectionCellProtocol.swift; sourceTree = "<group>"; };
		8D9D45A227922303004C5565 /* PermissionsManager.swift */ = {isa = PBXFileReference; lastKnownFileType = sourcecode.swift; path = PermissionsManager.swift; sourceTree = "<group>"; };
		8D9D45A527922FBE004C5565 /* ImageViewer.swift */ = {isa = PBXFileReference; lastKnownFileType = sourcecode.swift; path = ImageViewer.swift; sourceTree = "<group>"; };
		8D9D45A727922FC9004C5565 /* ImageViewer.xib */ = {isa = PBXFileReference; lastKnownFileType = file.xib; path = ImageViewer.xib; sourceTree = "<group>"; };
		8D9D45A927933420004C5565 /* ImageCellDM.swift */ = {isa = PBXFileReference; lastKnownFileType = sourcecode.swift; path = ImageCellDM.swift; sourceTree = "<group>"; };
		8D9D45B1279E1285004C5565 /* Image.swift */ = {isa = PBXFileReference; lastKnownFileType = sourcecode.swift; path = Image.swift; sourceTree = "<group>"; };
		8D9D45B5279F3758004C5565 /* SaleItemListVC.swift */ = {isa = PBXFileReference; lastKnownFileType = sourcecode.swift; path = SaleItemListVC.swift; sourceTree = "<group>"; };
		8D9D45B7279F3764004C5565 /* SaleItemFilterVC.swift */ = {isa = PBXFileReference; lastKnownFileType = sourcecode.swift; path = SaleItemFilterVC.swift; sourceTree = "<group>"; };
		8D9D45BD27A07C8B004C5565 /* SaleItemListVM.swift */ = {isa = PBXFileReference; lastKnownFileType = sourcecode.swift; path = SaleItemListVM.swift; sourceTree = "<group>"; };
		8D9D45C027A08E1A004C5565 /* SaleItemCollectionCell.swift */ = {isa = PBXFileReference; lastKnownFileType = sourcecode.swift; path = SaleItemCollectionCell.swift; sourceTree = "<group>"; };
		8D9D45C327A08E34004C5565 /* SaleItemCellDM.swift */ = {isa = PBXFileReference; lastKnownFileType = sourcecode.swift; path = SaleItemCellDM.swift; sourceTree = "<group>"; };
		8D9D45C527A08E55004C5565 /* SaleItemCollectionCell.xib */ = {isa = PBXFileReference; lastKnownFileType = file.xib; path = SaleItemCollectionCell.xib; sourceTree = "<group>"; };
		8DA71CFC27A3699F0025C1D5 /* FeedSectionHeader.swift */ = {isa = PBXFileReference; lastKnownFileType = sourcecode.swift; path = FeedSectionHeader.swift; sourceTree = "<group>"; };
		8DA71CFE27A36D760025C1D5 /* CategoryCollectionCell.swift */ = {isa = PBXFileReference; lastKnownFileType = sourcecode.swift; path = CategoryCollectionCell.swift; sourceTree = "<group>"; };
		8DA71D0127A36D950025C1D5 /* CategoryCollectionCellDM.swift */ = {isa = PBXFileReference; lastKnownFileType = sourcecode.swift; path = CategoryCollectionCellDM.swift; sourceTree = "<group>"; };
		8DA71D0327A36E280025C1D5 /* UICollectionViewCell.swift */ = {isa = PBXFileReference; lastKnownFileType = sourcecode.swift; path = UICollectionViewCell.swift; sourceTree = "<group>"; };
		8DA71D0527A376F30025C1D5 /* FeedSectionHeader.xib */ = {isa = PBXFileReference; lastKnownFileType = file.xib; path = FeedSectionHeader.xib; sourceTree = "<group>"; };
		8DA71D0827A474C40025C1D5 /* MessageThreadVC.swift */ = {isa = PBXFileReference; lastKnownFileType = sourcecode.swift; path = MessageThreadVC.swift; sourceTree = "<group>"; };
		8DA71D0A27A48A170025C1D5 /* MessageThread.swift */ = {isa = PBXFileReference; lastKnownFileType = sourcecode.swift; path = MessageThread.swift; sourceTree = "<group>"; };
		8DA71D0C27A48B2B0025C1D5 /* Message.swift */ = {isa = PBXFileReference; lastKnownFileType = sourcecode.swift; path = Message.swift; sourceTree = "<group>"; };
		8DA71D1027A48F0C0025C1D5 /* InboxVM.swift */ = {isa = PBXFileReference; lastKnownFileType = sourcecode.swift; path = InboxVM.swift; sourceTree = "<group>"; };
		8DA71D1227A499D20025C1D5 /* MessageThreadVM.swift */ = {isa = PBXFileReference; lastKnownFileType = sourcecode.swift; path = MessageThreadVM.swift; sourceTree = "<group>"; };
		8DA71D1527A4A2B60025C1D5 /* InboxTableCell.swift */ = {isa = PBXFileReference; lastKnownFileType = sourcecode.swift; path = InboxTableCell.swift; sourceTree = "<group>"; };
		8DA71D1727A4A2C50025C1D5 /* InboxCellDM.swift */ = {isa = PBXFileReference; lastKnownFileType = sourcecode.swift; path = InboxCellDM.swift; sourceTree = "<group>"; };
		8DA71D1927A63F590025C1D5 /* Sender.swift */ = {isa = PBXFileReference; lastKnownFileType = sourcecode.swift; path = Sender.swift; sourceTree = "<group>"; };
		8DA8D30328170F9F00F158CE /* Report.swift */ = {isa = PBXFileReference; lastKnownFileType = sourcecode.swift; path = Report.swift; sourceTree = "<group>"; };
		8DCC41C227F0A3670090EDDE /* Sizing.swift */ = {isa = PBXFileReference; lastKnownFileType = sourcecode.swift; path = Sizing.swift; sourceTree = "<group>"; };
		8DCC41C827F382730090EDDE /* UIView.swift */ = {isa = PBXFileReference; lastKnownFileType = sourcecode.swift; path = UIView.swift; sourceTree = "<group>"; };
		8DCC41CA27F4913E0090EDDE /* String.swift */ = {isa = PBXFileReference; lastKnownFileType = sourcecode.swift; path = String.swift; sourceTree = "<group>"; };
		8DCC41CC27F4E0980090EDDE /* Reachability.swift */ = {isa = PBXFileReference; lastKnownFileType = sourcecode.swift; path = Reachability.swift; sourceTree = "<group>"; };
		8DCC41CE27F60E270090EDDE /* Theme.swift */ = {isa = PBXFileReference; lastKnownFileType = sourcecode.swift; path = Theme.swift; sourceTree = "<group>"; };
		8DCC41D127F649890090EDDE /* InboxEmptyTableCell.swift */ = {isa = PBXFileReference; lastKnownFileType = sourcecode.swift; path = InboxEmptyTableCell.swift; sourceTree = "<group>"; };
		8DCC41D427F653CA0090EDDE /* EmptyListCollectionReusableView.swift */ = {isa = PBXFileReference; lastKnownFileType = sourcecode.swift; path = EmptyListCollectionReusableView.swift; sourceTree = "<group>"; };
		8DCC41D627F656580090EDDE /* EmptyListCollectionReusableView.xib */ = {isa = PBXFileReference; lastKnownFileType = file.xib; path = EmptyListCollectionReusableView.xib; sourceTree = "<group>"; };
		8DCD6E1027F00782008FF5A7 /* SwitchTableCell.swift */ = {isa = PBXFileReference; lastKnownFileType = sourcecode.swift; path = SwitchTableCell.swift; sourceTree = "<group>"; };
		8DCD6E1227F00796008FF5A7 /* SwitchTableCell.xib */ = {isa = PBXFileReference; lastKnownFileType = file.xib; path = SwitchTableCell.xib; sourceTree = "<group>"; };
		8DCD6E1427F007A1008FF5A7 /* SwitchCellDM.swift */ = {isa = PBXFileReference; lastKnownFileType = sourcecode.swift; path = SwitchCellDM.swift; sourceTree = "<group>"; };
		8DF3B43C27EFD57200EE6A55 /* Country.swift */ = {isa = PBXFileReference; lastKnownFileType = sourcecode.swift; path = Country.swift; sourceTree = "<group>"; };
		8DF3B43F27EFDB4800EE6A55 /* TextViewCellDM.swift */ = {isa = PBXFileReference; lastKnownFileType = sourcecode.swift; path = TextViewCellDM.swift; sourceTree = "<group>"; };
		8DF3B44127EFDB5300EE6A55 /* TextViewTableCell.swift */ = {isa = PBXFileReference; lastKnownFileType = sourcecode.swift; path = TextViewTableCell.swift; sourceTree = "<group>"; };
		8DF3B44327EFDB5F00EE6A55 /* TextViewTableCell.xib */ = {isa = PBXFileReference; lastKnownFileType = file.xib; path = TextViewTableCell.xib; sourceTree = "<group>"; };
/* End PBXFileReference section */

/* Begin PBXFrameworksBuildPhase section */
		8D1BB522273EF97700677EF7 /* Frameworks */ = {
			isa = PBXFrameworksBuildPhase;
			buildActionMask = 2147483647;
			files = (
				8DE4E45E27B30D5D002980D3 /* FirebaseAppCheck in Frameworks */,
				8DE4E46427B30D5D002980D3 /* FirebaseFirestoreSwift-Beta in Frameworks */,
				8DE4E46027B30D5D002980D3 /* FirebaseAuth in Frameworks */,
				8DE4E46927B30DF2002980D3 /* MessageKit in Frameworks */,
				8DE4E46627B30D5D002980D3 /* FirebaseStorage in Frameworks */,
				8DE4E46227B30D5D002980D3 /* FirebaseFirestore in Frameworks */,
			);
			runOnlyForDeploymentPostprocessing = 0;
		};
/* End PBXFrameworksBuildPhase section */

/* Begin PBXGroup section */
		8D0E0D0127B5BDC900E1EEE0 /* Staging */ = {
			isa = PBXGroup;
			children = (
				8D9D452227723183004C5565 /* Login */,
				8D9D451D2772271C004C5565 /* SignUp */,
			);
			path = Staging;
			sourceTree = "<group>";
		};
		8D1BB51C273EF97700677EF7 = {
			isa = PBXGroup;
			children = (
				8D1BB527273EF97700677EF7 /* BallroomBuySell */,
				8D0E0CFB27B318C000E1EEE0 /* BallroomBuySell.app */,
			);
			sourceTree = "<group>";
		};
		8D1BB527273EF97700677EF7 /* BallroomBuySell */ = {
			isa = PBXGroup;
			children = (
				8D39E12C27B2D7EA00C242C7 /* BallroomBuySell.entitlements */,
				8D9D44EB2770C599004C5565 /* AppDelegate */,
				8D9D452C277A2BDF004C5565 /* CustomClasses */,
				8D9D44E72770C537004C5565 /* Extensions */,
				8D9D451827721FB5004C5565 /* Managers */,
				8D9D45712788D914004C5565 /* Models */,
				8D9D451527721F66004C5565 /* Protocols */,
				8D9D44E92770C55C004C5565 /* Resources */,
				8D9D44E82770C549004C5565 /* Screens */,
				8D9D44EA2770C56D004C5565 /* Storyboards */,
			);
			path = BallroomBuySell;
			sourceTree = "<group>";
		};
		8D9D44E72770C537004C5565 /* Extensions */ = {
			isa = PBXGroup;
			children = (
				8D9D45692787788A004C5565 /* Date.swift */,
				8D9D456B278778C8004C5565 /* DateFormatter.swift */,
				8D9D4584278A451A004C5565 /* UIButton.swift */,
				8DA71D0327A36E280025C1D5 /* UICollectionViewCell.swift */,
				8D9D44EC2770C64A004C5565 /* UIViewController.swift */,
				8DCC41C827F382730090EDDE /* UIView.swift */,
			);
			path = Extensions;
			sourceTree = "<group>";
		};
		8D9D44E82770C549004C5565 /* Screens */ = {
			isa = PBXGroup;
			children = (
				8D9D451227721D2D004C5565 /* Feed */,
				8D9D451427721D77004C5565 /* Inbox */,
				8DA71D0727A474B10025C1D5 /* MessageThread */,
				8D9D451327721D44004C5565 /* Sell */,
				8D9D4539277CDDC7004C5565 /* Shared */,
				8D0E0D0127B5BDC900E1EEE0 /* Staging */,
			);
			path = Screens;
			sourceTree = "<group>";
		};
		8D9D44E92770C55C004C5565 /* Resources */ = {
			isa = PBXGroup;
			children = (
				8D1BB531273EF97900677EF7 /* Assets.xcassets */,
				8D78664627B0BB1400B1D817 /* Environment.swift */,
				8D9D4531277A53D0004C5565 /* GoogleService-Info.plist */,
				8D1BB536273EF97900677EF7 /* Info.plist */,
				8D9D450727711E44004C5565 /* Localizable.strings */,
			);
			path = Resources;
			sourceTree = "<group>";
		};
		8D9D44EA2770C56D004C5565 /* Storyboards */ = {
			isa = PBXGroup;
			children = (
				8D9D458F2790CF40004C5565 /* Storyboard.swift */,
				8D1BB533273EF97900677EF7 /* LaunchScreen.storyboard */,
				8D1BB52E273EF97700677EF7 /* Main.storyboard */,
				8D9D452A277A28A2004C5565 /* Staging.storyboard */,
			);
			path = Storyboards;
			sourceTree = "<group>";
		};
		8D9D44EB2770C599004C5565 /* AppDelegate */ = {
			isa = PBXGroup;
			children = (
				8D1BB528273EF97700677EF7 /* AppDelegate.swift */,
				8D1BB52A273EF97700677EF7 /* SceneDelegate.swift */,
			);
			path = AppDelegate;
			sourceTree = "<group>";
		};
		8D9D451227721D2D004C5565 /* Feed */ = {
			isa = PBXGroup;
			children = (
				8D9D45BF27A08D44004C5565 /* Cells */,
				8D9D45B3279F372D004C5565 /* SaleItemList */,
				8D9D458C2790BE81004C5565 /* SaleItemView */,
				8D9D452F277A37C8004C5565 /* FeedVC.swift */,
				8D9D456F2788C3B3004C5565 /* FeedVM.swift */,
			);
			path = Feed;
			sourceTree = "<group>";
		};
		8D9D451327721D44004C5565 /* Sell */ = {
			isa = PBXGroup;
			children = (
				8D9D4537277BB14C004C5565 /* SellVC.swift */,
			);
			path = Sell;
			sourceTree = "<group>";
		};
		8D9D451427721D77004C5565 /* Inbox */ = {
			isa = PBXGroup;
			children = (
				8DA71D1427A4A2910025C1D5 /* Cells */,
				8D9D451E277228EF004C5565 /* InboxVC.swift */,
				8DA71D1027A48F0C0025C1D5 /* InboxVM.swift */,
			);
			path = Inbox;
			sourceTree = "<group>";
		};
		8D9D451527721F66004C5565 /* Protocols */ = {
			isa = PBXGroup;
			children = (
				8D0E0D0427B6D14C00E1EEE0 /* AuthenticatorProtocol.swift */,
				8D9D45A02791F711004C5565 /* CollectionCellProtocol.swift */,
				8D34D052282825FA008D690F /* Reportable.swift */,
				8D677BC5282D8D37003051F6 /* Storable.swift */,
				8D9D4540277CDEFC004C5565 /* TableCellProtocol.swift */,
				8D9D451627721F77004C5565 /* ViewControllerProtocol.swift */,
			);
			path = Protocols;
			sourceTree = "<group>";
		};
		8D9D451827721FB5004C5565 /* Managers */ = {
			isa = PBXGroup;
			children = (
				8D9D4535277B92DB004C5565 /* AuthenticationManager.swift */,
				8D9D45742788DF30004C5565 /* DatabaseManager.swift */,
				8D9D45932791D4F0004C5565 /* FileSystemManager.swift */,
				8D773D0D27ACA67D0089FD9F /* ImageManager.swift */,
				8D0E0D0227B6CA1300E1EEE0 /* MediaManager.swift */,
				8D9D45A227922303004C5565 /* PermissionsManager.swift */,
				8D9D45822789F79D004C5565 /* TemplateManager.swift */,
			);
			path = Managers;
			sourceTree = "<group>";
		};
		8D9D451D2772271C004C5565 /* SignUp */ = {
			isa = PBXGroup;
			children = (
				8D9D4523277231D7004C5565 /* SignUpVC.swift */,
				8D9D4544277D1573004C5565 /* SignUpVM.swift */,
			);
			path = SignUp;
			sourceTree = "<group>";
		};
		8D9D452227723183004C5565 /* Login */ = {
			isa = PBXGroup;
			children = (
				8D9D452027723068004C5565 /* LoginVC.swift */,
				8D9D4546277D15AD004C5565 /* LoginVM.swift */,
			);
			path = Login;
			sourceTree = "<group>";
		};
		8D9D452C277A2BDF004C5565 /* CustomClasses */ = {
			isa = PBXGroup;
			children = (
				8D9D452D277A2BFE004C5565 /* NavigationController.swift */,
			);
			path = CustomClasses;
			sourceTree = "<group>";
		};
		8D9D4539277CDDC7004C5565 /* Shared */ = {
			isa = PBXGroup;
			children = (
				8D9D458A2790BD89004C5565 /* SaleItem */,
				8D9D455A2787665B004C5565 /* CustomViews */,
				8D9D453A277CDDD6004C5565 /* SharedCells */,
			);
			path = Shared;
			sourceTree = "<group>";
		};
		8D9D453A277CDDD6004C5565 /* SharedCells */ = {
			isa = PBXGroup;
			children = (
				8D9D455127822B66004C5565 /* ButtonTableCell */,
				8D9D456027876E3B004C5565 /* PickerTableCell */,
				8DCD6E0F27F00769008FF5A7 /* SwitchTableCell */,
				8D9D453B277CDDE6004C5565 /* TextFieldTableCell */,
				8DF3B43E27EFDB2600EE6A55 /* TextViewTableCell */,
			);
			path = SharedCells;
			sourceTree = "<group>";
		};
		8D9D453B277CDDE6004C5565 /* TextFieldTableCell */ = {
			isa = PBXGroup;
			children = (
				8D9D453C277CDDFB004C5565 /* TextFieldCellDM.swift */,
				8D9D453E277CDE09004C5565 /* TextFieldTableCell.swift */,
				8D9D4542277CE193004C5565 /* TextFieldTableCell.xib */,
			);
			path = TextFieldTableCell;
			sourceTree = "<group>";
		};
		8D9D455127822B66004C5565 /* ButtonTableCell */ = {
			isa = PBXGroup;
			children = (
				8D9D455227822B85004C5565 /* ButtonTableCell.swift */,
				8D9D455427822B91004C5565 /* ButtonTableCell.xib */,
			);
			path = ButtonTableCell;
			sourceTree = "<group>";
		};
		8D9D455A2787665B004C5565 /* CustomViews */ = {
			isa = PBXGroup;
			children = (
				8D9D45A427922FAF004C5565 /* ImageViewer */,
				8D9D455F278767B1004C5565 /* PickerViewController */,
			);
			path = CustomViews;
			sourceTree = "<group>";
		};
		8D9D455F278767B1004C5565 /* PickerViewController */ = {
			isa = PBXGroup;
			children = (
				8D9D455B2787666A004C5565 /* PickerViewController.swift */,
				8D9D455D278767A4004C5565 /* PickerViewController.xib */,
			);
			path = PickerViewController;
			sourceTree = "<group>";
		};
		8D9D456027876E3B004C5565 /* PickerTableCell */ = {
			isa = PBXGroup;
			children = (
				8D9D456127876E54004C5565 /* PickerCellDM.swift */,
				8D9D456327876E61004C5565 /* PickerTableCell.swift */,
				8D9D456527876E6F004C5565 /* PickerTableCell.xib */,
				8D9D456727877820004C5565 /* PickerValue.swift */,
			);
			path = PickerTableCell;
			sourceTree = "<group>";
		};
		8D9D45712788D914004C5565 /* Models */ = {
			isa = PBXGroup;
			children = (
				8DA71D0F27A48B5D0025C1D5 /* MessageThread */,
				8DA71D0E27A48B560025C1D5 /* SaleItem */,
				8DF3B43C27EFD57200EE6A55 /* Country.swift */,
				8D9D45B1279E1285004C5565 /* Image.swift */,
				8D408F3427CED7B900F13038 /* LocalizedString.swift */,
				8DCC41CC27F4E0980090EDDE /* Reachability.swift */,
				8DA8D30328170F9F00F158CE /* Report.swift */,
				8DCC41CA27F4913E0090EDDE /* String.swift */,
				8DCC41CE27F60E270090EDDE /* Theme.swift */,
				8D9D45722788D929004C5565 /* User.swift */,
			);
			path = Models;
			sourceTree = "<group>";
		};
		8D9D458A2790BD89004C5565 /* SaleItem */ = {
			isa = PBXGroup;
			children = (
				8D9D45B4279F3743004C5565 /* SaleItemFilter */,
				8D9D45952791F561004C5565 /* Cells */,
				8D9D458B2790BE26004C5565 /* Models */,
				8D9D456D27877D4C004C5565 /* SaleItemVM.swift */,
			);
			path = SaleItem;
			sourceTree = "<group>";
		};
		8D9D458B2790BE26004C5565 /* Models */ = {
			isa = PBXGroup;
			children = (
				8D9D45782788F044004C5565 /* SaleItemCellStructure.swift */,
				8D9D457E2788F5EF004C5565 /* SaleItemCellType.swift */,
				8D9D457C2788F0E4004C5565 /* SaleItemTemplate.swift */,
			);
			path = Models;
			sourceTree = "<group>";
		};
		8D9D458C2790BE81004C5565 /* SaleItemView */ = {
			isa = PBXGroup;
			children = (
				8D9D458D2790BE91004C5565 /* SaleItemViewVC.swift */,
			);
			path = SaleItemView;
			sourceTree = "<group>";
		};
		8D9D45952791F561004C5565 /* Cells */ = {
			isa = PBXGroup;
			children = (
				8D9D45962791F652004C5565 /* ImageTableCell */,
			);
			path = Cells;
			sourceTree = "<group>";
		};
		8D9D45962791F652004C5565 /* ImageTableCell */ = {
			isa = PBXGroup;
			children = (
				8D9D45972791F65E004C5565 /* ImageCollectionCell */,
				8D9D45A927933420004C5565 /* ImageCellDM.swift */,
				8D9D459C2791F69E004C5565 /* ImageTableCell.swift */,
				8D9D459E2791F6B0004C5565 /* ImageTableCell.xib */,
			);
			path = ImageTableCell;
			sourceTree = "<group>";
		};
		8D9D45972791F65E004C5565 /* ImageCollectionCell */ = {
			isa = PBXGroup;
			children = (
				8D9D45982791F67F004C5565 /* ImageCollectionCell.swift */,
				8D9D459A2791F690004C5565 /* ImageCollectionCell.xib */,
			);
			path = ImageCollectionCell;
			sourceTree = "<group>";
		};
		8D9D45A427922FAF004C5565 /* ImageViewer */ = {
			isa = PBXGroup;
			children = (
				8D9D45A527922FBE004C5565 /* ImageViewer.swift */,
				8D9D45A727922FC9004C5565 /* ImageViewer.xib */,
			);
			path = ImageViewer;
			sourceTree = "<group>";
		};
		8D9D45B3279F372D004C5565 /* SaleItemList */ = {
			isa = PBXGroup;
			children = (
				8DCC41D327F652870090EDDE /* EmptyListCollectionReusableView */,
				8D9D45B5279F3758004C5565 /* SaleItemListVC.swift */,
				8D9D45BD27A07C8B004C5565 /* SaleItemListVM.swift */,
			);
			path = SaleItemList;
			sourceTree = "<group>";
		};
		8D9D45B4279F3743004C5565 /* SaleItemFilter */ = {
			isa = PBXGroup;
			children = (
				8D9D45B7279F3764004C5565 /* SaleItemFilterVC.swift */,
			);
			path = SaleItemFilter;
			sourceTree = "<group>";
		};
		8D9D45BF27A08D44004C5565 /* Cells */ = {
			isa = PBXGroup;
			children = (
				8DA71CFB27A369880025C1D5 /* FeedSectionHeader */,
				8DA71D0027A36D7D0025C1D5 /* CategoryCollectionCell */,
				8D9D45C227A08E1E004C5565 /* SaleItemCollectionCell */,
			);
			path = Cells;
			sourceTree = "<group>";
		};
		8D9D45C227A08E1E004C5565 /* SaleItemCollectionCell */ = {
			isa = PBXGroup;
			children = (
				8D9D45C327A08E34004C5565 /* SaleItemCellDM.swift */,
				8D9D45C027A08E1A004C5565 /* SaleItemCollectionCell.swift */,
				8D9D45C527A08E55004C5565 /* SaleItemCollectionCell.xib */,
			);
			path = SaleItemCollectionCell;
			sourceTree = "<group>";
		};
		8DA71CFB27A369880025C1D5 /* FeedSectionHeader */ = {
			isa = PBXGroup;
			children = (
				8DA71CFC27A3699F0025C1D5 /* FeedSectionHeader.swift */,
				8DA71D0527A376F30025C1D5 /* FeedSectionHeader.xib */,
			);
			path = FeedSectionHeader;
			sourceTree = "<group>";
		};
		8DA71D0027A36D7D0025C1D5 /* CategoryCollectionCell */ = {
			isa = PBXGroup;
			children = (
				8DA71CFE27A36D760025C1D5 /* CategoryCollectionCell.swift */,
				8DA71D0127A36D950025C1D5 /* CategoryCollectionCellDM.swift */,
			);
			path = CategoryCollectionCell;
			sourceTree = "<group>";
		};
		8DA71D0727A474B10025C1D5 /* MessageThread */ = {
			isa = PBXGroup;
			children = (
				8DA71D0827A474C40025C1D5 /* MessageThreadVC.swift */,
				8DA71D1227A499D20025C1D5 /* MessageThreadVM.swift */,
			);
			path = MessageThread;
			sourceTree = "<group>";
		};
		8DA71D0E27A48B560025C1D5 /* SaleItem */ = {
			isa = PBXGroup;
			children = (
				8D9D4588279096C6004C5565 /* InputType.swift */,
				8D9D45762788E038004C5565 /* SaleItem.swift */,
				8DCC41C227F0A3670090EDDE /* Sizing.swift */,
			);
			path = SaleItem;
			sourceTree = "<group>";
		};
		8DA71D0F27A48B5D0025C1D5 /* MessageThread */ = {
			isa = PBXGroup;
			children = (
				8DA71D0C27A48B2B0025C1D5 /* Message.swift */,
				8DA71D0A27A48A170025C1D5 /* MessageThread.swift */,
				8DA71D1927A63F590025C1D5 /* Sender.swift */,
			);
			path = MessageThread;
			sourceTree = "<group>";
		};
		8DA71D1427A4A2910025C1D5 /* Cells */ = {
			isa = PBXGroup;
			children = (
				8DCC41D027F649460090EDDE /* InboxEmptyTableCell */,
				8DC230C527C8305F004AF8C1 /* InboxTableCell */,
			);
			path = Cells;
			sourceTree = "<group>";
		};
		8DC230C527C8305F004AF8C1 /* InboxTableCell */ = {
			isa = PBXGroup;
			children = (
				8DA71D1527A4A2B60025C1D5 /* InboxTableCell.swift */,
				8DA71D1727A4A2C50025C1D5 /* InboxCellDM.swift */,
			);
			path = InboxTableCell;
			sourceTree = "<group>";
		};
		8DCC41D027F649460090EDDE /* InboxEmptyTableCell */ = {
			isa = PBXGroup;
			children = (
				8DCC41D127F649890090EDDE /* InboxEmptyTableCell.swift */,
			);
			path = InboxEmptyTableCell;
			sourceTree = "<group>";
		};
		8DCC41D327F652870090EDDE /* EmptyListCollectionReusableView */ = {
			isa = PBXGroup;
			children = (
				8DCC41D427F653CA0090EDDE /* EmptyListCollectionReusableView.swift */,
				8DCC41D627F656580090EDDE /* EmptyListCollectionReusableView.xib */,
			);
			path = EmptyListCollectionReusableView;
			sourceTree = "<group>";
		};
		8DCD6E0F27F00769008FF5A7 /* SwitchTableCell */ = {
			isa = PBXGroup;
			children = (
				8DCD6E1427F007A1008FF5A7 /* SwitchCellDM.swift */,
				8DCD6E1027F00782008FF5A7 /* SwitchTableCell.swift */,
				8DCD6E1227F00796008FF5A7 /* SwitchTableCell.xib */,
			);
			path = SwitchTableCell;
			sourceTree = "<group>";
		};
		8DF3B43E27EFDB2600EE6A55 /* TextViewTableCell */ = {
			isa = PBXGroup;
			children = (
				8DF3B43F27EFDB4800EE6A55 /* TextViewCellDM.swift */,
				8DF3B44127EFDB5300EE6A55 /* TextViewTableCell.swift */,
				8DF3B44327EFDB5F00EE6A55 /* TextViewTableCell.xib */,
			);
			path = TextViewTableCell;
			sourceTree = "<group>";
		};
/* End PBXGroup section */

/* Begin PBXNativeTarget section */
		8D1BB524273EF97700677EF7 /* BallroomBuySell */ = {
			isa = PBXNativeTarget;
			buildConfigurationList = 8D1BB539273EF97900677EF7 /* Build configuration list for PBXNativeTarget "BallroomBuySell" */;
			buildPhases = (
				8D1BB521273EF97700677EF7 /* Sources */,
				8D1BB522273EF97700677EF7 /* Frameworks */,
				8D1BB523273EF97700677EF7 /* Resources */,
			);
			buildRules = (
			);
			dependencies = (
			);
			name = BallroomBuySell;
			packageProductDependencies = (
				8DE4E45D27B30D5D002980D3 /* FirebaseAppCheck */,
				8DE4E45F27B30D5D002980D3 /* FirebaseAuth */,
				8DE4E46127B30D5D002980D3 /* FirebaseFirestore */,
				8DE4E46327B30D5D002980D3 /* FirebaseFirestoreSwift-Beta */,
				8DE4E46527B30D5D002980D3 /* FirebaseStorage */,
				8DE4E46827B30DF2002980D3 /* MessageKit */,
			);
			productName = BallroomBuySell;
			productReference = 8D0E0CFB27B318C000E1EEE0 /* BallroomBuySell.app */;
			productType = "com.apple.product-type.application";
		};
/* End PBXNativeTarget section */

/* Begin PBXProject section */
		8D1BB51D273EF97700677EF7 /* Project object */ = {
			isa = PBXProject;
			attributes = {
				LastSwiftUpdateCheck = 1250;
				LastUpgradeCheck = 1250;
				TargetAttributes = {
					8D1BB524273EF97700677EF7 = {
						CreatedOnToolsVersion = 12.5;
					};
				};
			};
			buildConfigurationList = 8D1BB520273EF97700677EF7 /* Build configuration list for PBXProject "BallroomBuySell" */;
			compatibilityVersion = "Xcode 9.3";
			developmentRegion = en;
			hasScannedForEncodings = 0;
			knownRegions = (
				en,
				Base,
			);
			mainGroup = 8D1BB51C273EF97700677EF7;
			packageReferences = (
				8DE4E45C27B30D5D002980D3 /* XCRemoteSwiftPackageReference "firebase-ios-sdk" */,
				8DE4E46727B30DF2002980D3 /* XCRemoteSwiftPackageReference "MessageKit" */,
			);
			productRefGroup = 8D1BB51C273EF97700677EF7;
			projectDirPath = "";
			projectRoot = "";
			targets = (
				8D1BB524273EF97700677EF7 /* BallroomBuySell */,
			);
		};
/* End PBXProject section */

/* Begin PBXResourcesBuildPhase section */
		8D1BB523273EF97700677EF7 /* Resources */ = {
			isa = PBXResourcesBuildPhase;
			buildActionMask = 2147483647;
			files = (
				8D9D459B2791F690004C5565 /* ImageCollectionCell.xib in Resources */,
				8DCC41D727F656580090EDDE /* EmptyListCollectionReusableView.xib in Resources */,
				8D9D456627876E6F004C5565 /* PickerTableCell.xib in Resources */,
				8D9D455527822B91004C5565 /* ButtonTableCell.xib in Resources */,
				8D9D45C627A08E55004C5565 /* SaleItemCollectionCell.xib in Resources */,
				8DCD6E1327F00796008FF5A7 /* SwitchTableCell.xib in Resources */,
				8D1BB535273EF97900677EF7 /* LaunchScreen.storyboard in Resources */,
				8D9D450927711E44004C5565 /* Localizable.strings in Resources */,
				8D9D459F2791F6B0004C5565 /* ImageTableCell.xib in Resources */,
				8D1BB532273EF97900677EF7 /* Assets.xcassets in Resources */,
				8DA71D0627A376F30025C1D5 /* FeedSectionHeader.xib in Resources */,
				8D1BB530273EF97700677EF7 /* Main.storyboard in Resources */,
				8D9D452B277A28A2004C5565 /* Staging.storyboard in Resources */,
				8D9D4543277CE193004C5565 /* TextFieldTableCell.xib in Resources */,
				8D9D455E278767A4004C5565 /* PickerViewController.xib in Resources */,
				8D9D45A827922FC9004C5565 /* ImageViewer.xib in Resources */,
				8DF3B44427EFDB5F00EE6A55 /* TextViewTableCell.xib in Resources */,
				8D9D4532277A53D0004C5565 /* GoogleService-Info.plist in Resources */,
			);
			runOnlyForDeploymentPostprocessing = 0;
		};
/* End PBXResourcesBuildPhase section */

/* Begin PBXSourcesBuildPhase section */
		8D1BB521273EF97700677EF7 /* Sources */ = {
			isa = PBXSourcesBuildPhase;
			buildActionMask = 2147483647;
			files = (
				8D9D4524277231D7004C5565 /* SignUpVC.swift in Sources */,
				8D9D457D2788F0E4004C5565 /* SaleItemTemplate.swift in Sources */,
				8DA71D1127A48F0C0025C1D5 /* InboxVM.swift in Sources */,
				8D9D451F277228EF004C5565 /* InboxVC.swift in Sources */,
				8D9D456E27877D4C004C5565 /* SaleItemVM.swift in Sources */,
				8D9D455327822B85004C5565 /* ButtonTableCell.swift in Sources */,
				8D9D4545277D1573004C5565 /* SignUpVM.swift in Sources */,
				8D9D45C427A08E34004C5565 /* SaleItemCellDM.swift in Sources */,
				8D9D453F277CDE09004C5565 /* TextFieldTableCell.swift in Sources */,
				8DCD6E1127F00782008FF5A7 /* SwitchTableCell.swift in Sources */,
				8D0E0D0327B6CA1300E1EEE0 /* MediaManager.swift in Sources */,
				8D9D45792788F044004C5565 /* SaleItemCellStructure.swift in Sources */,
				8D9D45A327922303004C5565 /* PermissionsManager.swift in Sources */,
				8DCC41CF27F60E270090EDDE /* Theme.swift in Sources */,
				8D9D4536277B92DB004C5565 /* AuthenticationManager.swift in Sources */,
				8DF3B44027EFDB4800EE6A55 /* TextViewCellDM.swift in Sources */,
				8D9D45942791D4F0004C5565 /* FileSystemManager.swift in Sources */,
				8D9D457F2788F5EF004C5565 /* SaleItemCellType.swift in Sources */,
				8D677BC6282D8D37003051F6 /* Storable.swift in Sources */,
				8DA8D30428170F9F00F158CE /* Report.swift in Sources */,
				8D9D45902790CF40004C5565 /* Storyboard.swift in Sources */,
				8DCC41C327F0A3670090EDDE /* Sizing.swift in Sources */,
				8D9D45752788DF30004C5565 /* DatabaseManager.swift in Sources */,
				8DA71D1327A499D20025C1D5 /* MessageThreadVM.swift in Sources */,
				8D9D45992791F67F004C5565 /* ImageCollectionCell.swift in Sources */,
				8D9D456827877820004C5565 /* PickerValue.swift in Sources */,
				8DCC41CD27F4E0980090EDDE /* Reachability.swift in Sources */,
				8DA71CFF27A36D760025C1D5 /* CategoryCollectionCell.swift in Sources */,
				8D9D45AA27933420004C5565 /* ImageCellDM.swift in Sources */,
				8D9D45BE27A07C8B004C5565 /* SaleItemListVM.swift in Sources */,
				8D9D45A627922FBE004C5565 /* ImageViewer.swift in Sources */,
				8D9D45B8279F3764004C5565 /* SaleItemFilterVC.swift in Sources */,
				8DF3B44227EFDB5300EE6A55 /* TextViewTableCell.swift in Sources */,
				8D9D451727721F77004C5565 /* ViewControllerProtocol.swift in Sources */,
				8D9D4538277BB14C004C5565 /* SellVC.swift in Sources */,
				8D9D452127723068004C5565 /* LoginVC.swift in Sources */,
				8DA71D0227A36D950025C1D5 /* CategoryCollectionCellDM.swift in Sources */,
				8D9D455C2787666A004C5565 /* PickerViewController.swift in Sources */,
				8D9D452E277A2BFE004C5565 /* NavigationController.swift in Sources */,
				8DCC41D227F649890090EDDE /* InboxEmptyTableCell.swift in Sources */,
				8DA71D1627A4A2B60025C1D5 /* InboxTableCell.swift in Sources */,
				8D9D45702788C3B3004C5565 /* FeedVM.swift in Sources */,
				8DA71D0B27A48A170025C1D5 /* MessageThread.swift in Sources */,
				8D78664727B0BB1400B1D817 /* Environment.swift in Sources */,
				8D34D053282825FA008D690F /* Reportable.swift in Sources */,
				8D9D456227876E54004C5565 /* PickerCellDM.swift in Sources */,
				8D9D458E2790BE91004C5565 /* SaleItemViewVC.swift in Sources */,
				8D9D456C278778C8004C5565 /* DateFormatter.swift in Sources */,
				8DA71D1A27A63F590025C1D5 /* Sender.swift in Sources */,
				8D9D4530277A37C8004C5565 /* FeedVC.swift in Sources */,
				8D9D456427876E61004C5565 /* PickerTableCell.swift in Sources */,
				8D773D0E27ACA67D0089FD9F /* ImageManager.swift in Sources */,
				8D1BB529273EF97700677EF7 /* AppDelegate.swift in Sources */,
				8DA71D0427A36E280025C1D5 /* UICollectionViewCell.swift in Sources */,
				8D9D45B6279F3758004C5565 /* SaleItemListVC.swift in Sources */,
				8DCD6E1527F007A1008FF5A7 /* SwitchCellDM.swift in Sources */,
				8DCC41C927F382730090EDDE /* UIView.swift in Sources */,
				8D9D45732788D929004C5565 /* User.swift in Sources */,
				8D9D453D277CDDFB004C5565 /* TextFieldCellDM.swift in Sources */,
				8D0E0D0527B6D14C00E1EEE0 /* AuthenticatorProtocol.swift in Sources */,
				8D408F3527CED7B900F13038 /* LocalizedString.swift in Sources */,
				8D9D45A12791F711004C5565 /* CollectionCellProtocol.swift in Sources */,
				8D9D459D2791F69E004C5565 /* ImageTableCell.swift in Sources */,
				8D9D45B2279E1285004C5565 /* Image.swift in Sources */,
				8D9D4585278A451A004C5565 /* UIButton.swift in Sources */,
				8DF3B43D27EFD57200EE6A55 /* Country.swift in Sources */,
				8D9D45C127A08E1A004C5565 /* SaleItemCollectionCell.swift in Sources */,
				8D9D4589279096C6004C5565 /* InputType.swift in Sources */,
				8D9D44ED2770C64A004C5565 /* UIViewController.swift in Sources */,
				8D9D456A2787788A004C5565 /* Date.swift in Sources */,
				8DCC41CB27F4913E0090EDDE /* String.swift in Sources */,
				8D9D45832789F79D004C5565 /* TemplateManager.swift in Sources */,
				8D9D45772788E038004C5565 /* SaleItem.swift in Sources */,
				8D9D4541277CDEFC004C5565 /* TableCellProtocol.swift in Sources */,
				8DA71D0927A474C40025C1D5 /* MessageThreadVC.swift in Sources */,
				8DA71CFD27A3699F0025C1D5 /* FeedSectionHeader.swift in Sources */,
				8DA71D0D27A48B2B0025C1D5 /* Message.swift in Sources */,
				8DA71D1827A4A2C50025C1D5 /* InboxCellDM.swift in Sources */,
				8D1BB52B273EF97700677EF7 /* SceneDelegate.swift in Sources */,
				8D9D4547277D15AD004C5565 /* LoginVM.swift in Sources */,
				8DCC41D527F653CA0090EDDE /* EmptyListCollectionReusableView.swift in Sources */,
			);
			runOnlyForDeploymentPostprocessing = 0;
		};
/* End PBXSourcesBuildPhase section */

/* Begin PBXVariantGroup section */
		8D1BB52E273EF97700677EF7 /* Main.storyboard */ = {
			isa = PBXVariantGroup;
			children = (
				8D1BB52F273EF97700677EF7 /* Base */,
			);
			name = Main.storyboard;
			sourceTree = "<group>";
		};
		8D1BB533273EF97900677EF7 /* LaunchScreen.storyboard */ = {
			isa = PBXVariantGroup;
			children = (
				8D1BB534273EF97900677EF7 /* Base */,
			);
			name = LaunchScreen.storyboard;
			sourceTree = "<group>";
		};
		8D9D450727711E44004C5565 /* Localizable.strings */ = {
			isa = PBXVariantGroup;
			children = (
				8D9D450B27711E83004C5565 /* en */,
			);
			name = Localizable.strings;
			sourceTree = "<group>";
		};
/* End PBXVariantGroup section */

/* Begin XCBuildConfiguration section */
		8D1BB537273EF97900677EF7 /* Debug */ = {
			isa = XCBuildConfiguration;
			buildSettings = {
				ALWAYS_SEARCH_USER_PATHS = NO;
				CLANG_ANALYZER_LOCALIZABILITY_NONLOCALIZED = YES;
				CLANG_ANALYZER_NONNULL = YES;
				CLANG_ANALYZER_NUMBER_OBJECT_CONVERSION = YES_AGGRESSIVE;
				CLANG_CXX_LANGUAGE_STANDARD = "gnu++14";
				CLANG_CXX_LIBRARY = "libc++";
				CLANG_ENABLE_MODULES = YES;
				CLANG_ENABLE_OBJC_ARC = YES;
				CLANG_ENABLE_OBJC_WEAK = YES;
				CLANG_WARN_BLOCK_CAPTURE_AUTORELEASING = YES;
				CLANG_WARN_BOOL_CONVERSION = YES;
				CLANG_WARN_COMMA = YES;
				CLANG_WARN_CONSTANT_CONVERSION = YES;
				CLANG_WARN_DEPRECATED_OBJC_IMPLEMENTATIONS = YES;
				CLANG_WARN_DIRECT_OBJC_ISA_USAGE = YES_ERROR;
				CLANG_WARN_DOCUMENTATION_COMMENTS = YES;
				CLANG_WARN_EMPTY_BODY = YES;
				CLANG_WARN_ENUM_CONVERSION = YES;
				CLANG_WARN_INFINITE_RECURSION = YES;
				CLANG_WARN_INT_CONVERSION = YES;
				CLANG_WARN_NON_LITERAL_NULL_CONVERSION = YES;
				CLANG_WARN_OBJC_IMPLICIT_RETAIN_SELF = YES;
				CLANG_WARN_OBJC_LITERAL_CONVERSION = YES;
				CLANG_WARN_OBJC_ROOT_CLASS = YES_ERROR;
				CLANG_WARN_QUOTED_INCLUDE_IN_FRAMEWORK_HEADER = YES;
				CLANG_WARN_RANGE_LOOP_ANALYSIS = YES;
				CLANG_WARN_STRICT_PROTOTYPES = YES;
				CLANG_WARN_SUSPICIOUS_MOVE = YES;
				CLANG_WARN_UNGUARDED_AVAILABILITY = YES_AGGRESSIVE;
				CLANG_WARN_UNREACHABLE_CODE = YES;
				CLANG_WARN__DUPLICATE_METHOD_MATCH = YES;
				COPY_PHASE_STRIP = NO;
				DEBUG_INFORMATION_FORMAT = dwarf;
				ENABLE_STRICT_OBJC_MSGSEND = YES;
				ENABLE_TESTABILITY = YES;
				GCC_C_LANGUAGE_STANDARD = gnu11;
				GCC_DYNAMIC_NO_PIC = NO;
				GCC_NO_COMMON_BLOCKS = YES;
				GCC_OPTIMIZATION_LEVEL = 0;
				GCC_PREPROCESSOR_DEFINITIONS = (
					"DEBUG=1",
					"$(inherited)",
				);
				GCC_WARN_64_TO_32_BIT_CONVERSION = YES;
				GCC_WARN_ABOUT_RETURN_TYPE = YES_ERROR;
				GCC_WARN_UNDECLARED_SELECTOR = YES;
				GCC_WARN_UNINITIALIZED_AUTOS = YES_AGGRESSIVE;
				GCC_WARN_UNUSED_FUNCTION = YES;
				GCC_WARN_UNUSED_VARIABLE = YES;
				IPHONEOS_DEPLOYMENT_TARGET = 13.0;
				MTL_ENABLE_DEBUG_INFO = INCLUDE_SOURCE;
				MTL_FAST_MATH = YES;
				ONLY_ACTIVE_ARCH = YES;
				SDKROOT = iphoneos;
				SWIFT_ACTIVE_COMPILATION_CONDITIONS = DEBUG;
				SWIFT_OPTIMIZATION_LEVEL = "-Onone";
			};
			name = Debug;
		};
		8D1BB538273EF97900677EF7 /* Release */ = {
			isa = XCBuildConfiguration;
			buildSettings = {
				ALWAYS_SEARCH_USER_PATHS = NO;
				CLANG_ANALYZER_LOCALIZABILITY_NONLOCALIZED = YES;
				CLANG_ANALYZER_NONNULL = YES;
				CLANG_ANALYZER_NUMBER_OBJECT_CONVERSION = YES_AGGRESSIVE;
				CLANG_CXX_LANGUAGE_STANDARD = "gnu++14";
				CLANG_CXX_LIBRARY = "libc++";
				CLANG_ENABLE_MODULES = YES;
				CLANG_ENABLE_OBJC_ARC = YES;
				CLANG_ENABLE_OBJC_WEAK = YES;
				CLANG_WARN_BLOCK_CAPTURE_AUTORELEASING = YES;
				CLANG_WARN_BOOL_CONVERSION = YES;
				CLANG_WARN_COMMA = YES;
				CLANG_WARN_CONSTANT_CONVERSION = YES;
				CLANG_WARN_DEPRECATED_OBJC_IMPLEMENTATIONS = YES;
				CLANG_WARN_DIRECT_OBJC_ISA_USAGE = YES_ERROR;
				CLANG_WARN_DOCUMENTATION_COMMENTS = YES;
				CLANG_WARN_EMPTY_BODY = YES;
				CLANG_WARN_ENUM_CONVERSION = YES;
				CLANG_WARN_INFINITE_RECURSION = YES;
				CLANG_WARN_INT_CONVERSION = YES;
				CLANG_WARN_NON_LITERAL_NULL_CONVERSION = YES;
				CLANG_WARN_OBJC_IMPLICIT_RETAIN_SELF = YES;
				CLANG_WARN_OBJC_LITERAL_CONVERSION = YES;
				CLANG_WARN_OBJC_ROOT_CLASS = YES_ERROR;
				CLANG_WARN_QUOTED_INCLUDE_IN_FRAMEWORK_HEADER = YES;
				CLANG_WARN_RANGE_LOOP_ANALYSIS = YES;
				CLANG_WARN_STRICT_PROTOTYPES = YES;
				CLANG_WARN_SUSPICIOUS_MOVE = YES;
				CLANG_WARN_UNGUARDED_AVAILABILITY = YES_AGGRESSIVE;
				CLANG_WARN_UNREACHABLE_CODE = YES;
				CLANG_WARN__DUPLICATE_METHOD_MATCH = YES;
				COPY_PHASE_STRIP = NO;
				DEBUG_INFORMATION_FORMAT = "dwarf-with-dsym";
				ENABLE_NS_ASSERTIONS = NO;
				ENABLE_STRICT_OBJC_MSGSEND = YES;
				GCC_C_LANGUAGE_STANDARD = gnu11;
				GCC_NO_COMMON_BLOCKS = YES;
				GCC_WARN_64_TO_32_BIT_CONVERSION = YES;
				GCC_WARN_ABOUT_RETURN_TYPE = YES_ERROR;
				GCC_WARN_UNDECLARED_SELECTOR = YES;
				GCC_WARN_UNINITIALIZED_AUTOS = YES_AGGRESSIVE;
				GCC_WARN_UNUSED_FUNCTION = YES;
				GCC_WARN_UNUSED_VARIABLE = YES;
				IPHONEOS_DEPLOYMENT_TARGET = 13.0;
				MTL_ENABLE_DEBUG_INFO = NO;
				MTL_FAST_MATH = YES;
				SDKROOT = iphoneos;
				SWIFT_COMPILATION_MODE = wholemodule;
				SWIFT_OPTIMIZATION_LEVEL = "-O";
				VALIDATE_PRODUCT = YES;
			};
			name = Release;
		};
		8D1BB53A273EF97900677EF7 /* Debug */ = {
			isa = XCBuildConfiguration;
			buildSettings = {
				ASSETCATALOG_COMPILER_APPICON_NAME = AppIcon;
				ASSETCATALOG_COMPILER_GLOBAL_ACCENT_COLOR_NAME = AccentColor;
				CODE_SIGN_ENTITLEMENTS = BallroomBuySell/BallroomBuySell.entitlements;
				CODE_SIGN_STYLE = Automatic;
				DEVELOPMENT_TEAM = WHN9X2V7W8;
				INFOPLIST_FILE = BallroomBuySell/Resources/Info.plist;
				IPHONEOS_DEPLOYMENT_TARGET = 13.0;
				LD_RUNPATH_SEARCH_PATHS = (
					"$(inherited)",
					"@executable_path/Frameworks",
				);
				PRODUCT_BUNDLE_IDENTIFIER = tchapman.personal.BallroomBuySell;
				PRODUCT_NAME = "$(TARGET_NAME)";
				SWIFT_VERSION = 5.0;
				TARGETED_DEVICE_FAMILY = 1;
			};
			name = Debug;
		};
		8D1BB53B273EF97900677EF7 /* Release */ = {
			isa = XCBuildConfiguration;
			buildSettings = {
				ASSETCATALOG_COMPILER_APPICON_NAME = AppIcon;
				ASSETCATALOG_COMPILER_GLOBAL_ACCENT_COLOR_NAME = AccentColor;
				CODE_SIGN_ENTITLEMENTS = BallroomBuySell/BallroomBuySell.entitlements;
				CODE_SIGN_STYLE = Automatic;
				DEVELOPMENT_TEAM = WHN9X2V7W8;
				INFOPLIST_FILE = BallroomBuySell/Resources/Info.plist;
				IPHONEOS_DEPLOYMENT_TARGET = 13.0;
				LD_RUNPATH_SEARCH_PATHS = (
					"$(inherited)",
					"@executable_path/Frameworks",
				);
				PRODUCT_BUNDLE_IDENTIFIER = tchapman.personal.BallroomBuySell;
				PRODUCT_NAME = "$(TARGET_NAME)";
				SWIFT_VERSION = 5.0;
				TARGETED_DEVICE_FAMILY = 1;
			};
			name = Release;
		};
/* End XCBuildConfiguration section */

/* Begin XCConfigurationList section */
		8D1BB520273EF97700677EF7 /* Build configuration list for PBXProject "BallroomBuySell" */ = {
			isa = XCConfigurationList;
			buildConfigurations = (
				8D1BB537273EF97900677EF7 /* Debug */,
				8D1BB538273EF97900677EF7 /* Release */,
			);
			defaultConfigurationIsVisible = 0;
			defaultConfigurationName = Release;
		};
		8D1BB539273EF97900677EF7 /* Build configuration list for PBXNativeTarget "BallroomBuySell" */ = {
			isa = XCConfigurationList;
			buildConfigurations = (
				8D1BB53A273EF97900677EF7 /* Debug */,
				8D1BB53B273EF97900677EF7 /* Release */,
			);
			defaultConfigurationIsVisible = 0;
			defaultConfigurationName = Release;
		};
/* End XCConfigurationList section */

/* Begin XCRemoteSwiftPackageReference section */
		8DE4E45C27B30D5D002980D3 /* XCRemoteSwiftPackageReference "firebase-ios-sdk" */ = {
			isa = XCRemoteSwiftPackageReference;
			repositoryURL = "https://github.com/firebase/firebase-ios-sdk.git";
			requirement = {
				kind = upToNextMinorVersion;
				minimumVersion = 8.9.0;
			};
		};
		8DE4E46727B30DF2002980D3 /* XCRemoteSwiftPackageReference "MessageKit" */ = {
			isa = XCRemoteSwiftPackageReference;
			repositoryURL = "https://github.com/MessageKit/MessageKit";
			requirement = {
				kind = upToNextMinorVersion;
				minimumVersion = 3.7.0;
			};
		};
/* End XCRemoteSwiftPackageReference section */

/* Begin XCSwiftPackageProductDependency section */
		8DE4E45D27B30D5D002980D3 /* FirebaseAppCheck */ = {
			isa = XCSwiftPackageProductDependency;
			package = 8DE4E45C27B30D5D002980D3 /* XCRemoteSwiftPackageReference "firebase-ios-sdk" */;
			productName = FirebaseAppCheck;
		};
		8DE4E45F27B30D5D002980D3 /* FirebaseAuth */ = {
			isa = XCSwiftPackageProductDependency;
			package = 8DE4E45C27B30D5D002980D3 /* XCRemoteSwiftPackageReference "firebase-ios-sdk" */;
			productName = FirebaseAuth;
		};
		8DE4E46127B30D5D002980D3 /* FirebaseFirestore */ = {
			isa = XCSwiftPackageProductDependency;
			package = 8DE4E45C27B30D5D002980D3 /* XCRemoteSwiftPackageReference "firebase-ios-sdk" */;
			productName = FirebaseFirestore;
		};
		8DE4E46327B30D5D002980D3 /* FirebaseFirestoreSwift-Beta */ = {
			isa = XCSwiftPackageProductDependency;
			package = 8DE4E45C27B30D5D002980D3 /* XCRemoteSwiftPackageReference "firebase-ios-sdk" */;
			productName = "FirebaseFirestoreSwift-Beta";
		};
		8DE4E46527B30D5D002980D3 /* FirebaseStorage */ = {
			isa = XCSwiftPackageProductDependency;
			package = 8DE4E45C27B30D5D002980D3 /* XCRemoteSwiftPackageReference "firebase-ios-sdk" */;
			productName = FirebaseStorage;
		};
		8DE4E46827B30DF2002980D3 /* MessageKit */ = {
			isa = XCSwiftPackageProductDependency;
			package = 8DE4E46727B30DF2002980D3 /* XCRemoteSwiftPackageReference "MessageKit" */;
			productName = MessageKit;
		};
/* End XCSwiftPackageProductDependency section */
	};
	rootObject = 8D1BB51D273EF97700677EF7 /* Project object */;
}
